// !$*UTF8*$!
{
	archiveVersion = 1;
	classes = {
	};
	objectVersion = 51;
	objects = {

/* Begin PBXBuildFile section */
		21ABFE8D49BBB70A5306FCFB /* Pods_TheMitPost.framework in Frameworks */ = {isa = PBXBuildFile; fileRef = 064B07A8D2808248ACC17A89 /* Pods_TheMitPost.framework */; };
		D609834E233F4CF600299F86 /* settings-gear.json in Resources */ = {isa = PBXBuildFile; fileRef = D609834D233F4CF500299F86 /* settings-gear.json */; };
		D609834F233F4CF600299F86 /* settings-gear.json in Resources */ = {isa = PBXBuildFile; fileRef = D609834D233F4CF500299F86 /* settings-gear.json */; };
		D6098350233F4CF600299F86 /* settings-gear.json in Resources */ = {isa = PBXBuildFile; fileRef = D609834D233F4CF500299F86 /* settings-gear.json */; };
		D6098352233F5DCF00299F86 /* biometric.json in Resources */ = {isa = PBXBuildFile; fileRef = D6098351233F5DCF00299F86 /* biometric.json */; };
		D6098353233F5DCF00299F86 /* biometric.json in Resources */ = {isa = PBXBuildFile; fileRef = D6098351233F5DCF00299F86 /* biometric.json */; };
		D6098354233F5DCF00299F86 /* biometric.json in Resources */ = {isa = PBXBuildFile; fileRef = D6098351233F5DCF00299F86 /* biometric.json */; };
		D609835A233F635600299F86 /* security.json in Resources */ = {isa = PBXBuildFile; fileRef = D6098359233F635600299F86 /* security.json */; };
		D609835B233F635600299F86 /* security.json in Resources */ = {isa = PBXBuildFile; fileRef = D6098359233F635600299F86 /* security.json */; };
		D609835C233F635600299F86 /* security.json in Resources */ = {isa = PBXBuildFile; fileRef = D6098359233F635600299F86 /* security.json */; };
		D609835E23412FE800299F86 /* empty-box.json in Resources */ = {isa = PBXBuildFile; fileRef = D609835D23412FE600299F86 /* empty-box.json */; };
		D609835F23412FE800299F86 /* empty-box.json in Resources */ = {isa = PBXBuildFile; fileRef = D609835D23412FE600299F86 /* empty-box.json */; };
		D609836023412FE800299F86 /* empty-box.json in Resources */ = {isa = PBXBuildFile; fileRef = D609835D23412FE600299F86 /* empty-box.json */; };
		D60EBF3121ED0CDF00DAC538 /* Article.swift in Sources */ = {isa = PBXBuildFile; fileRef = D60EBF3021ED0CDF00DAC538 /* Article.swift */; };
		D60EBF3221ED0CDF00DAC538 /* Article.swift in Sources */ = {isa = PBXBuildFile; fileRef = D60EBF3021ED0CDF00DAC538 /* Article.swift */; };
		D614E7DF233CD6F200377DC8 /* SLCMSettingsViewController.swift in Sources */ = {isa = PBXBuildFile; fileRef = D614E7DE233CD6F200377DC8 /* SLCMSettingsViewController.swift */; };
		D614E7E0233CD6F200377DC8 /* SLCMSettingsViewController.swift in Sources */ = {isa = PBXBuildFile; fileRef = D614E7DE233CD6F200377DC8 /* SLCMSettingsViewController.swift */; };
		D614E7E1233CD6F200377DC8 /* SLCMSettingsViewController.swift in Sources */ = {isa = PBXBuildFile; fileRef = D614E7DE233CD6F200377DC8 /* SLCMSettingsViewController.swift */; };
		D61670CA2344D981004AAF8B /* GoogleService-Info.plist in Resources */ = {isa = PBXBuildFile; fileRef = D61670C92344D981004AAF8B /* GoogleService-Info.plist */; };
		D61C44DB223E74DF00DF5DAA /* SLCM.swift in Sources */ = {isa = PBXBuildFile; fileRef = D61C44DA223E74DF00DF5DAA /* SLCM.swift */; };
		D61C44DC223E74DF00DF5DAA /* SLCM.swift in Sources */ = {isa = PBXBuildFile; fileRef = D61C44DA223E74DF00DF5DAA /* SLCM.swift */; };
		D61C44DD223E74DF00DF5DAA /* SLCM.swift in Sources */ = {isa = PBXBuildFile; fileRef = D61C44DA223E74DF00DF5DAA /* SLCM.swift */; };
		D61D3A9521EE494B006DDD6B /* ArticleCollectionViewCell.swift in Sources */ = {isa = PBXBuildFile; fileRef = D61D3A9321EE494B006DDD6B /* ArticleCollectionViewCell.swift */; };
		D61D3A9621EE494B006DDD6B /* ArticleCollectionViewCell.swift in Sources */ = {isa = PBXBuildFile; fileRef = D61D3A9321EE494B006DDD6B /* ArticleCollectionViewCell.swift */; };
		D61D3A9721EE494B006DDD6B /* ArticleCollectionViewCell.swift in Sources */ = {isa = PBXBuildFile; fileRef = D61D3A9321EE494B006DDD6B /* ArticleCollectionViewCell.swift */; };
		D6313DC72292D37C00CB6F92 /* SLCMTableViewController.swift in Sources */ = {isa = PBXBuildFile; fileRef = D6313DC62292D37C00CB6F92 /* SLCMTableViewController.swift */; };
		D6313DC82292D37C00CB6F92 /* SLCMTableViewController.swift in Sources */ = {isa = PBXBuildFile; fileRef = D6313DC62292D37C00CB6F92 /* SLCMTableViewController.swift */; };
		D6313DC92292D37C00CB6F92 /* SLCMTableViewController.swift in Sources */ = {isa = PBXBuildFile; fileRef = D6313DC62292D37C00CB6F92 /* SLCMTableViewController.swift */; };
		D63B747A22999FC800673950 /* SubjectCellTableViewCell.swift in Sources */ = {isa = PBXBuildFile; fileRef = D63B747822999FC800673950 /* SubjectCellTableViewCell.swift */; };
		D63B747B22999FC800673950 /* SubjectCellTableViewCell.swift in Sources */ = {isa = PBXBuildFile; fileRef = D63B747822999FC800673950 /* SubjectCellTableViewCell.swift */; };
		D63B747C22999FC800673950 /* SubjectCellTableViewCell.swift in Sources */ = {isa = PBXBuildFile; fileRef = D63B747822999FC800673950 /* SubjectCellTableViewCell.swift */; };
		D64008FB2336A5DE0086064E /* Assets.xcassets in Resources */ = {isa = PBXBuildFile; fileRef = D64008FA2336A5DD0086064E /* Assets.xcassets */; };
		D64008FC2336A5DE0086064E /* Assets.xcassets in Resources */ = {isa = PBXBuildFile; fileRef = D64008FA2336A5DD0086064E /* Assets.xcassets */; };
		D64008FD2336A5DE0086064E /* Assets.xcassets in Resources */ = {isa = PBXBuildFile; fileRef = D64008FA2336A5DD0086064E /* Assets.xcassets */; };
		D6400903233781500086064E /* ImagePresentViewController.swift in Sources */ = {isa = PBXBuildFile; fileRef = D6400902233781500086064E /* ImagePresentViewController.swift */; };
		D6400904233781500086064E /* ImagePresentViewController.swift in Sources */ = {isa = PBXBuildFile; fileRef = D6400902233781500086064E /* ImagePresentViewController.swift */; };
		D6400905233781500086064E /* ImagePresentViewController.swift in Sources */ = {isa = PBXBuildFile; fileRef = D6400902233781500086064E /* ImagePresentViewController.swift */; };
		D64B590A233D10A00096CF74 /* PDFLoadViewController.swift in Sources */ = {isa = PBXBuildFile; fileRef = D64B5909233D10A00096CF74 /* PDFLoadViewController.swift */; };
		D64B590B233D10A00096CF74 /* PDFLoadViewController.swift in Sources */ = {isa = PBXBuildFile; fileRef = D64B5909233D10A00096CF74 /* PDFLoadViewController.swift */; };
		D64B590C233D10A00096CF74 /* PDFLoadViewController.swift in Sources */ = {isa = PBXBuildFile; fileRef = D64B5909233D10A00096CF74 /* PDFLoadViewController.swift */; };
		D662420C23015E9F00261081 /* ArticleWebViewController.swift in Sources */ = {isa = PBXBuildFile; fileRef = D662420B23015E9F00261081 /* ArticleWebViewController.swift */; };
		D662420D23015E9F00261081 /* ArticleWebViewController.swift in Sources */ = {isa = PBXBuildFile; fileRef = D662420B23015E9F00261081 /* ArticleWebViewController.swift */; };
		D662420E23015E9F00261081 /* ArticleWebViewController.swift in Sources */ = {isa = PBXBuildFile; fileRef = D662420B23015E9F00261081 /* ArticleWebViewController.swift */; };
		D664F31D22AF9F62002D6E0F /* Utilities.swift in Sources */ = {isa = PBXBuildFile; fileRef = D664F31C22AF9F62002D6E0F /* Utilities.swift */; };
		D664F31E22AF9F62002D6E0F /* Utilities.swift in Sources */ = {isa = PBXBuildFile; fileRef = D664F31C22AF9F62002D6E0F /* Utilities.swift */; };
		D664F31F22AF9F62002D6E0F /* Utilities.swift in Sources */ = {isa = PBXBuildFile; fileRef = D664F31C22AF9F62002D6E0F /* Utilities.swift */; };
		D664F32722B0FA2D002D6E0F /* Notices.swift in Sources */ = {isa = PBXBuildFile; fileRef = D664F32622B0FA2D002D6E0F /* Notices.swift */; };
		D664F32822B0FA2D002D6E0F /* Notices.swift in Sources */ = {isa = PBXBuildFile; fileRef = D664F32622B0FA2D002D6E0F /* Notices.swift */; };
		D664F32922B0FA2D002D6E0F /* Notices.swift in Sources */ = {isa = PBXBuildFile; fileRef = D664F32622B0FA2D002D6E0F /* Notices.swift */; };
		D66A8A0E2348825B00AB9917 /* PrivacyViewController.swift in Sources */ = {isa = PBXBuildFile; fileRef = D66A8A0D2348825A00AB9917 /* PrivacyViewController.swift */; };
		D66A8A0F2348825B00AB9917 /* PrivacyViewController.swift in Sources */ = {isa = PBXBuildFile; fileRef = D66A8A0D2348825A00AB9917 /* PrivacyViewController.swift */; };
		D66A8A102348825B00AB9917 /* PrivacyViewController.swift in Sources */ = {isa = PBXBuildFile; fileRef = D66A8A0D2348825A00AB9917 /* PrivacyViewController.swift */; };
		D66A8A122348A40900AB9917 /* Common.swift in Sources */ = {isa = PBXBuildFile; fileRef = D66A8A112348A40900AB9917 /* Common.swift */; };
		D66A8A132348A40900AB9917 /* Common.swift in Sources */ = {isa = PBXBuildFile; fileRef = D66A8A112348A40900AB9917 /* Common.swift */; };
		D66A8A142348A40900AB9917 /* Common.swift in Sources */ = {isa = PBXBuildFile; fileRef = D66A8A112348A40900AB9917 /* Common.swift */; };
		D66A8A16234B425C00AB9917 /* Lottie-Files in Resources */ = {isa = PBXBuildFile; fileRef = D66A8A15234B425C00AB9917 /* Lottie-Files */; };
		D66A8A17234B425C00AB9917 /* Lottie-Files in Resources */ = {isa = PBXBuildFile; fileRef = D66A8A15234B425C00AB9917 /* Lottie-Files */; };
		D66A8A18234B425C00AB9917 /* Lottie-Files in Resources */ = {isa = PBXBuildFile; fileRef = D66A8A15234B425C00AB9917 /* Lottie-Files */; };
		D68A32612346353300B62C5E /* AboutViewController.swift in Sources */ = {isa = PBXBuildFile; fileRef = D68A32602346353300B62C5E /* AboutViewController.swift */; };
		D68A32622346353300B62C5E /* AboutViewController.swift in Sources */ = {isa = PBXBuildFile; fileRef = D68A32602346353300B62C5E /* AboutViewController.swift */; };
		D68A32632346353300B62C5E /* AboutViewController.swift in Sources */ = {isa = PBXBuildFile; fileRef = D68A32602346353300B62C5E /* AboutViewController.swift */; };
		D69B3057220382DC00E66AE3 /* Extensions.swift in Sources */ = {isa = PBXBuildFile; fileRef = D69B3056220382DC00E66AE3 /* Extensions.swift */; };
		D69B3058220382DC00E66AE3 /* Extensions.swift in Sources */ = {isa = PBXBuildFile; fileRef = D69B3056220382DC00E66AE3 /* Extensions.swift */; };
		D69B3059220382DC00E66AE3 /* Extensions.swift in Sources */ = {isa = PBXBuildFile; fileRef = D69B3056220382DC00E66AE3 /* Extensions.swift */; };
		D6A8705E22D916B60057A30B /* EventViewCell.swift in Sources */ = {isa = PBXBuildFile; fileRef = D6A8705D22D916B60057A30B /* EventViewCell.swift */; };
		D6A8705F22D916B60057A30B /* EventViewCell.swift in Sources */ = {isa = PBXBuildFile; fileRef = D6A8705D22D916B60057A30B /* EventViewCell.swift */; };
		D6A8706022D916B60057A30B /* EventViewCell.swift in Sources */ = {isa = PBXBuildFile; fileRef = D6A8705D22D916B60057A30B /* EventViewCell.swift */; };
		D6ACF11F22469EC4001B8A68 /* Aileron-UltraLight.otf in Resources */ = {isa = PBXBuildFile; fileRef = D6ACF11E22469EC4001B8A68 /* Aileron-UltraLight.otf */; };
		D6ACF12022469EC4001B8A68 /* Aileron-UltraLight.otf in Resources */ = {isa = PBXBuildFile; fileRef = D6ACF11E22469EC4001B8A68 /* Aileron-UltraLight.otf */; };
		D6ACF12222469ED7001B8A68 /* Aileron-Regular.otf in Resources */ = {isa = PBXBuildFile; fileRef = D6ACF12122469ED7001B8A68 /* Aileron-Regular.otf */; };
		D6ACF12322469ED7001B8A68 /* Aileron-Regular.otf in Resources */ = {isa = PBXBuildFile; fileRef = D6ACF12122469ED7001B8A68 /* Aileron-Regular.otf */; };
		D6ACF12522469EE4001B8A68 /* Aileron-SemiBold.otf in Resources */ = {isa = PBXBuildFile; fileRef = D6ACF12422469EE4001B8A68 /* Aileron-SemiBold.otf */; };
		D6ACF12622469EE4001B8A68 /* Aileron-SemiBold.otf in Resources */ = {isa = PBXBuildFile; fileRef = D6ACF12422469EE4001B8A68 /* Aileron-SemiBold.otf */; };
		D6ACF12A22469EFF001B8A68 /* Roboto-Regular.ttf in Resources */ = {isa = PBXBuildFile; fileRef = D6ACF12722469EFE001B8A68 /* Roboto-Regular.ttf */; };
		D6ACF12B22469EFF001B8A68 /* Roboto-Regular.ttf in Resources */ = {isa = PBXBuildFile; fileRef = D6ACF12722469EFE001B8A68 /* Roboto-Regular.ttf */; };
		D6ACF12C22469EFF001B8A68 /* Roboto-Light.ttf in Resources */ = {isa = PBXBuildFile; fileRef = D6ACF12822469EFF001B8A68 /* Roboto-Light.ttf */; };
		D6ACF12D22469EFF001B8A68 /* Roboto-Light.ttf in Resources */ = {isa = PBXBuildFile; fileRef = D6ACF12822469EFF001B8A68 /* Roboto-Light.ttf */; };
		D6ACF12E22469EFF001B8A68 /* Roboto-Medium.ttf in Resources */ = {isa = PBXBuildFile; fileRef = D6ACF12922469EFF001B8A68 /* Roboto-Medium.ttf */; };
		D6ACF12F22469EFF001B8A68 /* Roboto-Medium.ttf in Resources */ = {isa = PBXBuildFile; fileRef = D6ACF12922469EFF001B8A68 /* Roboto-Medium.ttf */; };
		D6ACF13522469F24001B8A68 /* DyeLine-Regular2.ttf in Resources */ = {isa = PBXBuildFile; fileRef = D6ACF13022469F22001B8A68 /* DyeLine-Regular2.ttf */; };
		D6ACF13622469F24001B8A68 /* DyeLine-Regular2.ttf in Resources */ = {isa = PBXBuildFile; fileRef = D6ACF13022469F22001B8A68 /* DyeLine-Regular2.ttf */; };
		D6ACF13722469F24001B8A68 /* DyeLine-Regular4.ttf in Resources */ = {isa = PBXBuildFile; fileRef = D6ACF13122469F23001B8A68 /* DyeLine-Regular4.ttf */; };
		D6ACF13822469F24001B8A68 /* DyeLine-Regular4.ttf in Resources */ = {isa = PBXBuildFile; fileRef = D6ACF13122469F23001B8A68 /* DyeLine-Regular4.ttf */; };
		D6ACF13922469F24001B8A68 /* DyeLine-Bold.ttf in Resources */ = {isa = PBXBuildFile; fileRef = D6ACF13222469F23001B8A68 /* DyeLine-Bold.ttf */; };
		D6ACF13A22469F24001B8A68 /* DyeLine-Bold.ttf in Resources */ = {isa = PBXBuildFile; fileRef = D6ACF13222469F23001B8A68 /* DyeLine-Bold.ttf */; };
		D6ACF13B22469F24001B8A68 /* DyeLine-Regular3.ttf in Resources */ = {isa = PBXBuildFile; fileRef = D6ACF13322469F24001B8A68 /* DyeLine-Regular3.ttf */; };
		D6ACF13C22469F24001B8A68 /* DyeLine-Regular3.ttf in Resources */ = {isa = PBXBuildFile; fileRef = D6ACF13322469F24001B8A68 /* DyeLine-Regular3.ttf */; };
		D6ACF13D22469F24001B8A68 /* DyeLine-Regular5.ttf in Resources */ = {isa = PBXBuildFile; fileRef = D6ACF13422469F24001B8A68 /* DyeLine-Regular5.ttf */; };
		D6ACF13E22469F24001B8A68 /* DyeLine-Regular5.ttf in Resources */ = {isa = PBXBuildFile; fileRef = D6ACF13422469F24001B8A68 /* DyeLine-Regular5.ttf */; };
		D6D6A20F21ECC5A200B822F8 /* AppDelegate.swift in Sources */ = {isa = PBXBuildFile; fileRef = D6D6A20E21ECC5A200B822F8 /* AppDelegate.swift */; };
		D6D6A21121ECC5A200B822F8 /* ArticlesViewController.swift in Sources */ = {isa = PBXBuildFile; fileRef = D6D6A21021ECC5A200B822F8 /* ArticlesViewController.swift */; };
		D6D6A21321ECC5A200B822F8 /* SLCMLoginViewController.swift in Sources */ = {isa = PBXBuildFile; fileRef = D6D6A21221ECC5A200B822F8 /* SLCMLoginViewController.swift */; };
		D6D6A21621ECC5A200B822F8 /* Main.storyboard in Resources */ = {isa = PBXBuildFile; fileRef = D6D6A21421ECC5A200B822F8 /* Main.storyboard */; };
		D6D6A21B21ECC5A400B822F8 /* LaunchScreen.storyboard in Resources */ = {isa = PBXBuildFile; fileRef = D6D6A21921ECC5A400B822F8 /* LaunchScreen.storyboard */; };
		D6D6A22621ECC5A500B822F8 /* TheMitPostTests.swift in Sources */ = {isa = PBXBuildFile; fileRef = D6D6A22521ECC5A500B822F8 /* TheMitPostTests.swift */; };
		D6D6A23121ECC5A500B822F8 /* TheMitPostUITests.swift in Sources */ = {isa = PBXBuildFile; fileRef = D6D6A23021ECC5A500B822F8 /* TheMitPostUITests.swift */; };
		D6F392B922D5FB5900CE50D1 /* Events.swift in Sources */ = {isa = PBXBuildFile; fileRef = D6F392B822D5FB5900CE50D1 /* Events.swift */; };
		D6F392BA22D5FB5900CE50D1 /* Events.swift in Sources */ = {isa = PBXBuildFile; fileRef = D6F392B822D5FB5900CE50D1 /* Events.swift */; };
		D6F392BB22D5FB5900CE50D1 /* Events.swift in Sources */ = {isa = PBXBuildFile; fileRef = D6F392B822D5FB5900CE50D1 /* Events.swift */; };
		D6F392BD22D604DC00CE50D1 /* EventsViewController.swift in Sources */ = {isa = PBXBuildFile; fileRef = D6F392BC22D604DC00CE50D1 /* EventsViewController.swift */; };
		D6F392BE22D604DC00CE50D1 /* EventsViewController.swift in Sources */ = {isa = PBXBuildFile; fileRef = D6F392BC22D604DC00CE50D1 /* EventsViewController.swift */; };
		D6F392BF22D604DC00CE50D1 /* EventsViewController.swift in Sources */ = {isa = PBXBuildFile; fileRef = D6F392BC22D604DC00CE50D1 /* EventsViewController.swift */; };
		D6FA299423326B2E00703DE7 /* NoticeCollectionViewCell.swift in Sources */ = {isa = PBXBuildFile; fileRef = D6FA299323326B2E00703DE7 /* NoticeCollectionViewCell.swift */; };
		D6FA299523326B2E00703DE7 /* NoticeCollectionViewCell.swift in Sources */ = {isa = PBXBuildFile; fileRef = D6FA299323326B2E00703DE7 /* NoticeCollectionViewCell.swift */; };
		D6FA299623326B2E00703DE7 /* NoticeCollectionViewCell.swift in Sources */ = {isa = PBXBuildFile; fileRef = D6FA299323326B2E00703DE7 /* NoticeCollectionViewCell.swift */; };
		D6FA299823326CEF00703DE7 /* NoticesCollectionViewController.swift in Sources */ = {isa = PBXBuildFile; fileRef = D6FA299723326CEF00703DE7 /* NoticesCollectionViewController.swift */; };
		D6FA299923326CEF00703DE7 /* NoticesCollectionViewController.swift in Sources */ = {isa = PBXBuildFile; fileRef = D6FA299723326CEF00703DE7 /* NoticesCollectionViewController.swift */; };
		D6FA299A23326CEF00703DE7 /* NoticesCollectionViewController.swift in Sources */ = {isa = PBXBuildFile; fileRef = D6FA299723326CEF00703DE7 /* NoticesCollectionViewController.swift */; };
		D6FF8153234B80C9000F7CC6 /* LaunchViewController.swift in Sources */ = {isa = PBXBuildFile; fileRef = D6FF8152234B80C9000F7CC6 /* LaunchViewController.swift */; };
		F73BCAC756BC0623B32B5E60 /* Pods_TheMitPostTests.framework in Frameworks */ = {isa = PBXBuildFile; fileRef = 10420B5B27064B48C27ABE4A /* Pods_TheMitPostTests.framework */; };
		FB1B81E214F3DBC641018AF4 /* Pods_TheMitPostUITests.framework in Frameworks */ = {isa = PBXBuildFile; fileRef = 459D16BA4CC3419651EC87D5 /* Pods_TheMitPostUITests.framework */; };
/* End PBXBuildFile section */

/* Begin PBXContainerItemProxy section */
		D6D6A22221ECC5A500B822F8 /* PBXContainerItemProxy */ = {
			isa = PBXContainerItemProxy;
			containerPortal = D6D6A20321ECC5A200B822F8 /* Project object */;
			proxyType = 1;
			remoteGlobalIDString = D6D6A20A21ECC5A200B822F8;
			remoteInfo = TheMitPost;
		};
		D6D6A22D21ECC5A500B822F8 /* PBXContainerItemProxy */ = {
			isa = PBXContainerItemProxy;
			containerPortal = D6D6A20321ECC5A200B822F8 /* Project object */;
			proxyType = 1;
			remoteGlobalIDString = D6D6A20A21ECC5A200B822F8;
			remoteInfo = TheMitPost;
		};
/* End PBXContainerItemProxy section */

/* Begin PBXFileReference section */
		064B07A8D2808248ACC17A89 /* Pods_TheMitPost.framework */ = {isa = PBXFileReference; explicitFileType = wrapper.framework; includeInIndex = 0; path = Pods_TheMitPost.framework; sourceTree = BUILT_PRODUCTS_DIR; };
		08182739F20003F58C569534 /* Pods-TheMitPostUITests.release.xcconfig */ = {isa = PBXFileReference; includeInIndex = 1; lastKnownFileType = text.xcconfig; name = "Pods-TheMitPostUITests.release.xcconfig"; path = "Target Support Files/Pods-TheMitPostUITests/Pods-TheMitPostUITests.release.xcconfig"; sourceTree = "<group>"; };
		0B96703653C58388BAFD23B2 /* Pods-TheMitPost.release.xcconfig */ = {isa = PBXFileReference; includeInIndex = 1; lastKnownFileType = text.xcconfig; name = "Pods-TheMitPost.release.xcconfig"; path = "Target Support Files/Pods-TheMitPost/Pods-TheMitPost.release.xcconfig"; sourceTree = "<group>"; };
		10420B5B27064B48C27ABE4A /* Pods_TheMitPostTests.framework */ = {isa = PBXFileReference; explicitFileType = wrapper.framework; includeInIndex = 0; path = Pods_TheMitPostTests.framework; sourceTree = BUILT_PRODUCTS_DIR; };
		110DE464103B6C04F3AAA7A4 /* Pods-TheMitPost.debug.xcconfig */ = {isa = PBXFileReference; includeInIndex = 1; lastKnownFileType = text.xcconfig; name = "Pods-TheMitPost.debug.xcconfig"; path = "Target Support Files/Pods-TheMitPost/Pods-TheMitPost.debug.xcconfig"; sourceTree = "<group>"; };
		34F4459B5E9732FCC19261CF /* Pods-TheMitPostUITests.debug.xcconfig */ = {isa = PBXFileReference; includeInIndex = 1; lastKnownFileType = text.xcconfig; name = "Pods-TheMitPostUITests.debug.xcconfig"; path = "Target Support Files/Pods-TheMitPostUITests/Pods-TheMitPostUITests.debug.xcconfig"; sourceTree = "<group>"; };
		459D16BA4CC3419651EC87D5 /* Pods_TheMitPostUITests.framework */ = {isa = PBXFileReference; explicitFileType = wrapper.framework; includeInIndex = 0; path = Pods_TheMitPostUITests.framework; sourceTree = BUILT_PRODUCTS_DIR; };
		7616EAD6973FAAD76441FD39 /* Pods-TheMitPostTests.release.xcconfig */ = {isa = PBXFileReference; includeInIndex = 1; lastKnownFileType = text.xcconfig; name = "Pods-TheMitPostTests.release.xcconfig"; path = "Target Support Files/Pods-TheMitPostTests/Pods-TheMitPostTests.release.xcconfig"; sourceTree = "<group>"; };
		D609834D233F4CF500299F86 /* settings-gear.json */ = {isa = PBXFileReference; fileEncoding = 4; lastKnownFileType = text.json; path = "settings-gear.json"; sourceTree = "<group>"; };
		D6098351233F5DCF00299F86 /* biometric.json */ = {isa = PBXFileReference; fileEncoding = 4; lastKnownFileType = text.json; path = biometric.json; sourceTree = "<group>"; };
		D6098359233F635600299F86 /* security.json */ = {isa = PBXFileReference; fileEncoding = 4; lastKnownFileType = text.json; path = security.json; sourceTree = "<group>"; };
		D609835D23412FE600299F86 /* empty-box.json */ = {isa = PBXFileReference; fileEncoding = 4; lastKnownFileType = text.json; path = "empty-box.json"; sourceTree = "<group>"; };
		D60EBF3021ED0CDF00DAC538 /* Article.swift */ = {isa = PBXFileReference; lastKnownFileType = sourcecode.swift; path = Article.swift; sourceTree = "<group>"; };
		D60F6BB12310713300279DA2 /* PostPlayground.playground */ = {isa = PBXFileReference; lastKnownFileType = file.playground; path = PostPlayground.playground; sourceTree = "<group>"; xcLanguageSpecificationIdentifier = xcode.lang.swift; };
		D614E7DD233CAB3D00377DC8 /* TheMitPost.entitlements */ = {isa = PBXFileReference; lastKnownFileType = text.plist.entitlements; path = TheMitPost.entitlements; sourceTree = "<group>"; };
		D614E7DE233CD6F200377DC8 /* SLCMSettingsViewController.swift */ = {isa = PBXFileReference; lastKnownFileType = sourcecode.swift; path = SLCMSettingsViewController.swift; sourceTree = "<group>"; };
		D61670C92344D981004AAF8B /* GoogleService-Info.plist */ = {isa = PBXFileReference; fileEncoding = 4; lastKnownFileType = text.plist.xml; name = "GoogleService-Info.plist"; path = "../../../../../../Downloads/GoogleService-Info.plist"; sourceTree = "<group>"; };
		D61C44DA223E74DF00DF5DAA /* SLCM.swift */ = {isa = PBXFileReference; lastKnownFileType = sourcecode.swift; path = SLCM.swift; sourceTree = "<group>"; };
		D61D3A9321EE494B006DDD6B /* ArticleCollectionViewCell.swift */ = {isa = PBXFileReference; lastKnownFileType = sourcecode.swift; path = ArticleCollectionViewCell.swift; sourceTree = "<group>"; };
		D6313DC62292D37C00CB6F92 /* SLCMTableViewController.swift */ = {isa = PBXFileReference; lastKnownFileType = sourcecode.swift; path = SLCMTableViewController.swift; sourceTree = "<group>"; };
		D63B747822999FC800673950 /* SubjectCellTableViewCell.swift */ = {isa = PBXFileReference; lastKnownFileType = sourcecode.swift; path = SubjectCellTableViewCell.swift; sourceTree = "<group>"; };
		D64008FA2336A5DD0086064E /* Assets.xcassets */ = {isa = PBXFileReference; lastKnownFileType = folder.assetcatalog; path = Assets.xcassets; sourceTree = "<group>"; };
		D6400902233781500086064E /* ImagePresentViewController.swift */ = {isa = PBXFileReference; lastKnownFileType = sourcecode.swift; path = ImagePresentViewController.swift; sourceTree = "<group>"; };
		D64B5909233D10A00096CF74 /* PDFLoadViewController.swift */ = {isa = PBXFileReference; lastKnownFileType = sourcecode.swift; path = PDFLoadViewController.swift; sourceTree = "<group>"; };
		D662420B23015E9F00261081 /* ArticleWebViewController.swift */ = {isa = PBXFileReference; lastKnownFileType = sourcecode.swift; path = ArticleWebViewController.swift; sourceTree = "<group>"; };
		D664F31C22AF9F62002D6E0F /* Utilities.swift */ = {isa = PBXFileReference; lastKnownFileType = sourcecode.swift; path = Utilities.swift; sourceTree = "<group>"; };
		D664F32622B0FA2D002D6E0F /* Notices.swift */ = {isa = PBXFileReference; lastKnownFileType = sourcecode.swift; path = Notices.swift; sourceTree = "<group>"; };
		D66A8A0D2348825A00AB9917 /* PrivacyViewController.swift */ = {isa = PBXFileReference; lastKnownFileType = sourcecode.swift; path = PrivacyViewController.swift; sourceTree = "<group>"; };
		D66A8A112348A40900AB9917 /* Common.swift */ = {isa = PBXFileReference; lastKnownFileType = sourcecode.swift; path = Common.swift; sourceTree = "<group>"; };
		D66A8A15234B425C00AB9917 /* Lottie-Files */ = {isa = PBXFileReference; lastKnownFileType = folder; path = "Lottie-Files"; sourceTree = "<group>"; };
		D68A32602346353300B62C5E /* AboutViewController.swift */ = {isa = PBXFileReference; lastKnownFileType = sourcecode.swift; path = AboutViewController.swift; sourceTree = "<group>"; };
		D69B3056220382DC00E66AE3 /* Extensions.swift */ = {isa = PBXFileReference; lastKnownFileType = sourcecode.swift; path = Extensions.swift; sourceTree = "<group>"; };
		D6A8705D22D916B60057A30B /* EventViewCell.swift */ = {isa = PBXFileReference; lastKnownFileType = sourcecode.swift; path = EventViewCell.swift; sourceTree = "<group>"; };
		D6ACF11E22469EC4001B8A68 /* Aileron-UltraLight.otf */ = {isa = PBXFileReference; lastKnownFileType = file; path = "Aileron-UltraLight.otf"; sourceTree = "<group>"; };
		D6ACF12122469ED7001B8A68 /* Aileron-Regular.otf */ = {isa = PBXFileReference; lastKnownFileType = file; path = "Aileron-Regular.otf"; sourceTree = "<group>"; };
		D6ACF12422469EE4001B8A68 /* Aileron-SemiBold.otf */ = {isa = PBXFileReference; lastKnownFileType = file; path = "Aileron-SemiBold.otf"; sourceTree = "<group>"; };
		D6ACF12722469EFE001B8A68 /* Roboto-Regular.ttf */ = {isa = PBXFileReference; lastKnownFileType = file; path = "Roboto-Regular.ttf"; sourceTree = "<group>"; };
		D6ACF12822469EFF001B8A68 /* Roboto-Light.ttf */ = {isa = PBXFileReference; lastKnownFileType = file; path = "Roboto-Light.ttf"; sourceTree = "<group>"; };
		D6ACF12922469EFF001B8A68 /* Roboto-Medium.ttf */ = {isa = PBXFileReference; lastKnownFileType = file; path = "Roboto-Medium.ttf"; sourceTree = "<group>"; };
		D6ACF13022469F22001B8A68 /* DyeLine-Regular2.ttf */ = {isa = PBXFileReference; lastKnownFileType = file; path = "DyeLine-Regular2.ttf"; sourceTree = "<group>"; };
		D6ACF13122469F23001B8A68 /* DyeLine-Regular4.ttf */ = {isa = PBXFileReference; lastKnownFileType = file; path = "DyeLine-Regular4.ttf"; sourceTree = "<group>"; };
		D6ACF13222469F23001B8A68 /* DyeLine-Bold.ttf */ = {isa = PBXFileReference; lastKnownFileType = file; path = "DyeLine-Bold.ttf"; sourceTree = "<group>"; };
		D6ACF13322469F24001B8A68 /* DyeLine-Regular3.ttf */ = {isa = PBXFileReference; lastKnownFileType = file; path = "DyeLine-Regular3.ttf"; sourceTree = "<group>"; };
		D6ACF13422469F24001B8A68 /* DyeLine-Regular5.ttf */ = {isa = PBXFileReference; lastKnownFileType = file; path = "DyeLine-Regular5.ttf"; sourceTree = "<group>"; };
		D6D6A20B21ECC5A200B822F8 /* TheMitPost.app */ = {isa = PBXFileReference; explicitFileType = wrapper.application; includeInIndex = 0; path = TheMitPost.app; sourceTree = BUILT_PRODUCTS_DIR; };
		D6D6A20E21ECC5A200B822F8 /* AppDelegate.swift */ = {isa = PBXFileReference; lastKnownFileType = sourcecode.swift; path = AppDelegate.swift; sourceTree = "<group>"; };
		D6D6A21021ECC5A200B822F8 /* ArticlesViewController.swift */ = {isa = PBXFileReference; lastKnownFileType = sourcecode.swift; path = ArticlesViewController.swift; sourceTree = "<group>"; };
		D6D6A21221ECC5A200B822F8 /* SLCMLoginViewController.swift */ = {isa = PBXFileReference; lastKnownFileType = sourcecode.swift; path = SLCMLoginViewController.swift; sourceTree = "<group>"; };
		D6D6A21521ECC5A200B822F8 /* Base */ = {isa = PBXFileReference; lastKnownFileType = file.storyboard; name = Base; path = Base.lproj/Main.storyboard; sourceTree = "<group>"; };
		D6D6A21A21ECC5A400B822F8 /* Base */ = {isa = PBXFileReference; lastKnownFileType = file.storyboard; name = Base; path = Base.lproj/LaunchScreen.storyboard; sourceTree = "<group>"; };
		D6D6A21C21ECC5A400B822F8 /* Info.plist */ = {isa = PBXFileReference; lastKnownFileType = text.plist.xml; path = Info.plist; sourceTree = "<group>"; };
		D6D6A22121ECC5A500B822F8 /* TheMitPostTests.xctest */ = {isa = PBXFileReference; explicitFileType = wrapper.cfbundle; includeInIndex = 0; path = TheMitPostTests.xctest; sourceTree = BUILT_PRODUCTS_DIR; };
		D6D6A22521ECC5A500B822F8 /* TheMitPostTests.swift */ = {isa = PBXFileReference; lastKnownFileType = sourcecode.swift; path = TheMitPostTests.swift; sourceTree = "<group>"; };
		D6D6A22721ECC5A500B822F8 /* Info.plist */ = {isa = PBXFileReference; lastKnownFileType = text.plist.xml; path = Info.plist; sourceTree = "<group>"; };
		D6D6A22C21ECC5A500B822F8 /* TheMitPostUITests.xctest */ = {isa = PBXFileReference; explicitFileType = wrapper.cfbundle; includeInIndex = 0; path = TheMitPostUITests.xctest; sourceTree = BUILT_PRODUCTS_DIR; };
		D6D6A23021ECC5A500B822F8 /* TheMitPostUITests.swift */ = {isa = PBXFileReference; lastKnownFileType = sourcecode.swift; path = TheMitPostUITests.swift; sourceTree = "<group>"; };
		D6D6A23221ECC5A500B822F8 /* Info.plist */ = {isa = PBXFileReference; lastKnownFileType = text.plist.xml; path = Info.plist; sourceTree = "<group>"; };
		D6F392B822D5FB5900CE50D1 /* Events.swift */ = {isa = PBXFileReference; lastKnownFileType = sourcecode.swift; path = Events.swift; sourceTree = "<group>"; };
		D6F392BC22D604DC00CE50D1 /* EventsViewController.swift */ = {isa = PBXFileReference; lastKnownFileType = sourcecode.swift; path = EventsViewController.swift; sourceTree = "<group>"; };
		D6FA299323326B2E00703DE7 /* NoticeCollectionViewCell.swift */ = {isa = PBXFileReference; lastKnownFileType = sourcecode.swift; path = NoticeCollectionViewCell.swift; sourceTree = "<group>"; };
		D6FA299723326CEF00703DE7 /* NoticesCollectionViewController.swift */ = {isa = PBXFileReference; lastKnownFileType = sourcecode.swift; path = NoticesCollectionViewController.swift; sourceTree = "<group>"; };
		D6FF8152234B80C9000F7CC6 /* LaunchViewController.swift */ = {isa = PBXFileReference; lastKnownFileType = sourcecode.swift; path = LaunchViewController.swift; sourceTree = "<group>"; };
		F3362DA79FFBC7E67CB90966 /* Pods-TheMitPostTests.debug.xcconfig */ = {isa = PBXFileReference; includeInIndex = 1; lastKnownFileType = text.xcconfig; name = "Pods-TheMitPostTests.debug.xcconfig"; path = "Target Support Files/Pods-TheMitPostTests/Pods-TheMitPostTests.debug.xcconfig"; sourceTree = "<group>"; };
/* End PBXFileReference section */

/* Begin PBXFrameworksBuildPhase section */
		D6D6A20821ECC5A200B822F8 /* Frameworks */ = {
			isa = PBXFrameworksBuildPhase;
			buildActionMask = 2147483647;
			files = (
				21ABFE8D49BBB70A5306FCFB /* Pods_TheMitPost.framework in Frameworks */,
			);
			runOnlyForDeploymentPostprocessing = 0;
		};
		D6D6A21E21ECC5A500B822F8 /* Frameworks */ = {
			isa = PBXFrameworksBuildPhase;
			buildActionMask = 2147483647;
			files = (
				F73BCAC756BC0623B32B5E60 /* Pods_TheMitPostTests.framework in Frameworks */,
			);
			runOnlyForDeploymentPostprocessing = 0;
		};
		D6D6A22921ECC5A500B822F8 /* Frameworks */ = {
			isa = PBXFrameworksBuildPhase;
			buildActionMask = 2147483647;
			files = (
				FB1B81E214F3DBC641018AF4 /* Pods_TheMitPostUITests.framework in Frameworks */,
			);
			runOnlyForDeploymentPostprocessing = 0;
		};
/* End PBXFrameworksBuildPhase section */

/* Begin PBXGroup section */
		6739CD553BEF26033D670CBE /* Pods */ = {
			isa = PBXGroup;
			children = (
				110DE464103B6C04F3AAA7A4 /* Pods-TheMitPost.debug.xcconfig */,
				0B96703653C58388BAFD23B2 /* Pods-TheMitPost.release.xcconfig */,
				F3362DA79FFBC7E67CB90966 /* Pods-TheMitPostTests.debug.xcconfig */,
				7616EAD6973FAAD76441FD39 /* Pods-TheMitPostTests.release.xcconfig */,
				34F4459B5E9732FCC19261CF /* Pods-TheMitPostUITests.debug.xcconfig */,
				08182739F20003F58C569534 /* Pods-TheMitPostUITests.release.xcconfig */,
			);
			path = Pods;
			sourceTree = "<group>";
		};
		7C83C302A12F27DD02A89CE6 /* Frameworks */ = {
			isa = PBXGroup;
			children = (
				064B07A8D2808248ACC17A89 /* Pods_TheMitPost.framework */,
				10420B5B27064B48C27ABE4A /* Pods_TheMitPostTests.framework */,
				459D16BA4CC3419651EC87D5 /* Pods_TheMitPostUITests.framework */,
			);
			name = Frameworks;
			sourceTree = "<group>";
		};
		D60EBF2C21ED0C7000DAC538 /* Model */ = {
			isa = PBXGroup;
			children = (
				D60EBF3021ED0CDF00DAC538 /* Article.swift */,
				D61C44DA223E74DF00DF5DAA /* SLCM.swift */,
				D664F32622B0FA2D002D6E0F /* Notices.swift */,
				D6F392B822D5FB5900CE50D1 /* Events.swift */,
			);
			path = Model;
			sourceTree = "<group>";
		};
		D60EBF2D21ED0C7800DAC538 /* View */ = {
			isa = PBXGroup;
			children = (
				D67A7E4E231C3DBC009754D4 /* Notice */,
				D6A8706122D916CD0057A30B /* Article */,
				D67A7E4C231C3DA6009754D4 /* SLCM */,
				D67A7E4D231C3DB3009754D4 /* Event */,
			);
			path = View;
			sourceTree = "<group>";
		};
		D60EBF2E21ED0C7E00DAC538 /* Controller */ = {
			isa = PBXGroup;
			children = (
				D6D6A20E21ECC5A200B822F8 /* AppDelegate.swift */,
				D6A8706222D916EA0057A30B /* Article */,
				D6A8706322D916FE0057A30B /* SLCM */,
				D6F392BC22D604DC00CE50D1 /* EventsViewController.swift */,
				D6FA299723326CEF00703DE7 /* NoticesCollectionViewController.swift */,
				D6400902233781500086064E /* ImagePresentViewController.swift */,
				D64B5909233D10A00096CF74 /* PDFLoadViewController.swift */,
				D68A32602346353300B62C5E /* AboutViewController.swift */,
				D66A8A0D2348825A00AB9917 /* PrivacyViewController.swift */,
				D66A8A112348A40900AB9917 /* Common.swift */,
				D6FF8152234B80C9000F7CC6 /* LaunchViewController.swift */,
			);
			path = Controller;
			sourceTree = "<group>";
		};
		D60EBF2F21ED0C8500DAC538 /* Auxiliary */ = {
			isa = PBXGroup;
			children = (
				D69B3056220382DC00E66AE3 /* Extensions.swift */,
				D664F31C22AF9F62002D6E0F /* Utilities.swift */,
			);
			path = Auxiliary;
			sourceTree = "<group>";
		};
		D67A7E4C231C3DA6009754D4 /* SLCM */ = {
			isa = PBXGroup;
			children = (
				D63B747822999FC800673950 /* SubjectCellTableViewCell.swift */,
			);
			path = SLCM;
			sourceTree = "<group>";
		};
		D67A7E4D231C3DB3009754D4 /* Event */ = {
			isa = PBXGroup;
			children = (
				D6A8705D22D916B60057A30B /* EventViewCell.swift */,
			);
			path = Event;
			sourceTree = "<group>";
		};
		D67A7E4E231C3DBC009754D4 /* Notice */ = {
			isa = PBXGroup;
			children = (
				D6FA299323326B2E00703DE7 /* NoticeCollectionViewCell.swift */,
			);
			path = Notice;
			sourceTree = "<group>";
		};
		D6A8706122D916CD0057A30B /* Article */ = {
			isa = PBXGroup;
			children = (
				D61D3A9321EE494B006DDD6B /* ArticleCollectionViewCell.swift */,
			);
			path = Article;
			sourceTree = "<group>";
		};
		D6A8706222D916EA0057A30B /* Article */ = {
			isa = PBXGroup;
			children = (
				D6D6A21021ECC5A200B822F8 /* ArticlesViewController.swift */,
				D662420B23015E9F00261081 /* ArticleWebViewController.swift */,
			);
			path = Article;
			sourceTree = "<group>";
		};
		D6A8706322D916FE0057A30B /* SLCM */ = {
			isa = PBXGroup;
			children = (
				D6D6A21221ECC5A200B822F8 /* SLCMLoginViewController.swift */,
				D6313DC62292D37C00CB6F92 /* SLCMTableViewController.swift */,
				D614E7DE233CD6F200377DC8 /* SLCMSettingsViewController.swift */,
			);
			path = SLCM;
			sourceTree = "<group>";
		};
		D6ACF13F2246A00A001B8A68 /* Fonts */ = {
			isa = PBXGroup;
			children = (
				D6ACF11E22469EC4001B8A68 /* Aileron-UltraLight.otf */,
				D6ACF12422469EE4001B8A68 /* Aileron-SemiBold.otf */,
				D6ACF12122469ED7001B8A68 /* Aileron-Regular.otf */,
				D6ACF13222469F23001B8A68 /* DyeLine-Bold.ttf */,
				D6ACF13022469F22001B8A68 /* DyeLine-Regular2.ttf */,
				D6ACF13322469F24001B8A68 /* DyeLine-Regular3.ttf */,
				D6ACF13122469F23001B8A68 /* DyeLine-Regular4.ttf */,
				D6ACF13422469F24001B8A68 /* DyeLine-Regular5.ttf */,
				D6ACF12822469EFF001B8A68 /* Roboto-Light.ttf */,
				D6ACF12922469EFF001B8A68 /* Roboto-Medium.ttf */,
				D6ACF12722469EFE001B8A68 /* Roboto-Regular.ttf */,
			);
			path = Fonts;
			sourceTree = "<group>";
		};
		D6D6A20221ECC5A200B822F8 = {
			isa = PBXGroup;
			children = (
				D60F6BB12310713300279DA2 /* PostPlayground.playground */,
				D6D6A20D21ECC5A200B822F8 /* TheMitPost */,
				D6D6A22421ECC5A500B822F8 /* TheMitPostTests */,
				D6D6A22F21ECC5A500B822F8 /* TheMitPostUITests */,
				D6D6A20C21ECC5A200B822F8 /* Products */,
				6739CD553BEF26033D670CBE /* Pods */,
				7C83C302A12F27DD02A89CE6 /* Frameworks */,
			);
			sourceTree = "<group>";
		};
		D6D6A20C21ECC5A200B822F8 /* Products */ = {
			isa = PBXGroup;
			children = (
				D6D6A20B21ECC5A200B822F8 /* TheMitPost.app */,
				D6D6A22121ECC5A500B822F8 /* TheMitPostTests.xctest */,
				D6D6A22C21ECC5A500B822F8 /* TheMitPostUITests.xctest */,
			);
			name = Products;
			sourceTree = "<group>";
		};
		D6D6A20D21ECC5A200B822F8 /* TheMitPost */ = {
			isa = PBXGroup;
			children = (
				D66A8A15234B425C00AB9917 /* Lottie-Files */,
				D6098351233F5DCF00299F86 /* biometric.json */,
				D6098359233F635600299F86 /* security.json */,
				D609835D23412FE600299F86 /* empty-box.json */,
				D609834D233F4CF500299F86 /* settings-gear.json */,
				D614E7DD233CAB3D00377DC8 /* TheMitPost.entitlements */,
				D6ACF13F2246A00A001B8A68 /* Fonts */,
				D60EBF2C21ED0C7000DAC538 /* Model */,
				D60EBF2D21ED0C7800DAC538 /* View */,
				D60EBF2E21ED0C7E00DAC538 /* Controller */,
				D60EBF2F21ED0C8500DAC538 /* Auxiliary */,
				D6D6A21421ECC5A200B822F8 /* Main.storyboard */,
				D6D6A21921ECC5A400B822F8 /* LaunchScreen.storyboard */,
				D6D6A21C21ECC5A400B822F8 /* Info.plist */,
				D61670C92344D981004AAF8B /* GoogleService-Info.plist */,
				D64008FA2336A5DD0086064E /* Assets.xcassets */,
			);
			path = TheMitPost;
			sourceTree = "<group>";
		};
		D6D6A22421ECC5A500B822F8 /* TheMitPostTests */ = {
			isa = PBXGroup;
			children = (
				D6D6A22521ECC5A500B822F8 /* TheMitPostTests.swift */,
				D6D6A22721ECC5A500B822F8 /* Info.plist */,
			);
			path = TheMitPostTests;
			sourceTree = "<group>";
		};
		D6D6A22F21ECC5A500B822F8 /* TheMitPostUITests */ = {
			isa = PBXGroup;
			children = (
				D6D6A23021ECC5A500B822F8 /* TheMitPostUITests.swift */,
				D6D6A23221ECC5A500B822F8 /* Info.plist */,
			);
			path = TheMitPostUITests;
			sourceTree = "<group>";
		};
/* End PBXGroup section */

/* Begin PBXNativeTarget section */
		D6D6A20A21ECC5A200B822F8 /* TheMitPost */ = {
			isa = PBXNativeTarget;
			buildConfigurationList = D6D6A23521ECC5A500B822F8 /* Build configuration list for PBXNativeTarget "TheMitPost" */;
			buildPhases = (
				27D985A6A3A4E916DD6D6B22 /* [CP] Check Pods Manifest.lock */,
				D6D6A20721ECC5A200B822F8 /* Sources */,
				D6D6A20821ECC5A200B822F8 /* Frameworks */,
				D6D6A20921ECC5A200B822F8 /* Resources */,
				D66A8A0C23487A2300AB9917 /* ShellScript */,
				A351CA1215BC7533AAD77825 /* [CP] Embed Pods Frameworks */,
			);
			buildRules = (
			);
			dependencies = (
			);
			name = TheMitPost;
			productName = TheMitPost;
			productReference = D6D6A20B21ECC5A200B822F8 /* TheMitPost.app */;
			productType = "com.apple.product-type.application";
		};
		D6D6A22021ECC5A500B822F8 /* TheMitPostTests */ = {
			isa = PBXNativeTarget;
			buildConfigurationList = D6D6A23821ECC5A500B822F8 /* Build configuration list for PBXNativeTarget "TheMitPostTests" */;
			buildPhases = (
				2FB55F1A08899130B348C989 /* [CP] Check Pods Manifest.lock */,
				D6D6A21D21ECC5A500B822F8 /* Sources */,
				D6D6A21E21ECC5A500B822F8 /* Frameworks */,
				D6D6A21F21ECC5A500B822F8 /* Resources */,
			);
			buildRules = (
			);
			dependencies = (
				D6D6A22321ECC5A500B822F8 /* PBXTargetDependency */,
			);
			name = TheMitPostTests;
			productName = TheMitPostTests;
			productReference = D6D6A22121ECC5A500B822F8 /* TheMitPostTests.xctest */;
			productType = "com.apple.product-type.bundle.unit-test";
		};
		D6D6A22B21ECC5A500B822F8 /* TheMitPostUITests */ = {
			isa = PBXNativeTarget;
			buildConfigurationList = D6D6A23B21ECC5A500B822F8 /* Build configuration list for PBXNativeTarget "TheMitPostUITests" */;
			buildPhases = (
				123C0C62685943D27E9A2B52 /* [CP] Check Pods Manifest.lock */,
				D6D6A22821ECC5A500B822F8 /* Sources */,
				D6D6A22921ECC5A500B822F8 /* Frameworks */,
				D6D6A22A21ECC5A500B822F8 /* Resources */,
			);
			buildRules = (
			);
			dependencies = (
				D6D6A22E21ECC5A500B822F8 /* PBXTargetDependency */,
			);
			name = TheMitPostUITests;
			productName = TheMitPostUITests;
			productReference = D6D6A22C21ECC5A500B822F8 /* TheMitPostUITests.xctest */;
			productType = "com.apple.product-type.bundle.ui-testing";
		};
/* End PBXNativeTarget section */

/* Begin PBXProject section */
		D6D6A20321ECC5A200B822F8 /* Project object */ = {
			isa = PBXProject;
			attributes = {
				LastSwiftUpdateCheck = 1010;
				LastUpgradeCheck = 1010;
				ORGANIZATIONNAME = "Harshavardhan K";
				TargetAttributes = {
					D6D6A20A21ECC5A200B822F8 = {
						CreatedOnToolsVersion = 10.1;
					};
					D6D6A22021ECC5A500B822F8 = {
						CreatedOnToolsVersion = 10.1;
						TestTargetID = D6D6A20A21ECC5A200B822F8;
					};
					D6D6A22B21ECC5A500B822F8 = {
						CreatedOnToolsVersion = 10.1;
						TestTargetID = D6D6A20A21ECC5A200B822F8;
					};
				};
			};
			buildConfigurationList = D6D6A20621ECC5A200B822F8 /* Build configuration list for PBXProject "TheMitPost" */;
			compatibilityVersion = "Xcode 9.3";
			developmentRegion = en;
			hasScannedForEncodings = 0;
			knownRegions = (
				en,
				Base,
			);
			mainGroup = D6D6A20221ECC5A200B822F8;
			productRefGroup = D6D6A20C21ECC5A200B822F8 /* Products */;
			projectDirPath = "";
			projectRoot = "";
			targets = (
				D6D6A20A21ECC5A200B822F8 /* TheMitPost */,
				D6D6A22021ECC5A500B822F8 /* TheMitPostTests */,
				D6D6A22B21ECC5A500B822F8 /* TheMitPostUITests */,
			);
		};
/* End PBXProject section */

/* Begin PBXResourcesBuildPhase section */
		D6D6A20921ECC5A200B822F8 /* Resources */ = {
			isa = PBXResourcesBuildPhase;
			buildActionMask = 2147483647;
			files = (
				D6ACF13B22469F24001B8A68 /* DyeLine-Regular3.ttf in Resources */,
				D6098352233F5DCF00299F86 /* biometric.json in Resources */,
				D6ACF13722469F24001B8A68 /* DyeLine-Regular4.ttf in Resources */,
				D6D6A21B21ECC5A400B822F8 /* LaunchScreen.storyboard in Resources */,
				D6ACF13922469F24001B8A68 /* DyeLine-Bold.ttf in Resources */,
				D6ACF12522469EE4001B8A68 /* Aileron-SemiBold.otf in Resources */,
				D6ACF12C22469EFF001B8A68 /* Roboto-Light.ttf in Resources */,
				D6ACF13522469F24001B8A68 /* DyeLine-Regular2.ttf in Resources */,
				D609835A233F635600299F86 /* security.json in Resources */,
				D609834E233F4CF600299F86 /* settings-gear.json in Resources */,
				D609835E23412FE800299F86 /* empty-box.json in Resources */,
				D66A8A16234B425C00AB9917 /* Lottie-Files in Resources */,
				D6ACF12222469ED7001B8A68 /* Aileron-Regular.otf in Resources */,
				D6ACF11F22469EC4001B8A68 /* Aileron-UltraLight.otf in Resources */,
				D6ACF12A22469EFF001B8A68 /* Roboto-Regular.ttf in Resources */,
				D6ACF12E22469EFF001B8A68 /* Roboto-Medium.ttf in Resources */,
				D6ACF13D22469F24001B8A68 /* DyeLine-Regular5.ttf in Resources */,
				D64008FB2336A5DE0086064E /* Assets.xcassets in Resources */,
				D6D6A21621ECC5A200B822F8 /* Main.storyboard in Resources */,
				D61670CA2344D981004AAF8B /* GoogleService-Info.plist in Resources */,
			);
			runOnlyForDeploymentPostprocessing = 0;
		};
		D6D6A21F21ECC5A500B822F8 /* Resources */ = {
			isa = PBXResourcesBuildPhase;
			buildActionMask = 2147483647;
			files = (
				D64008FC2336A5DE0086064E /* Assets.xcassets in Resources */,
				D6098353233F5DCF00299F86 /* biometric.json in Resources */,
				D609835F23412FE800299F86 /* empty-box.json in Resources */,
				D609834F233F4CF600299F86 /* settings-gear.json in Resources */,
				D66A8A17234B425C00AB9917 /* Lottie-Files in Resources */,
				D609835B233F635600299F86 /* security.json in Resources */,
			);
			runOnlyForDeploymentPostprocessing = 0;
		};
		D6D6A22A21ECC5A500B822F8 /* Resources */ = {
			isa = PBXResourcesBuildPhase;
			buildActionMask = 2147483647;
			files = (
				D6ACF13C22469F24001B8A68 /* DyeLine-Regular3.ttf in Resources */,
				D6ACF13622469F24001B8A68 /* DyeLine-Regular2.ttf in Resources */,
				D6ACF12622469EE4001B8A68 /* Aileron-SemiBold.otf in Resources */,
				D6ACF12022469EC4001B8A68 /* Aileron-UltraLight.otf in Resources */,
				D6098354233F5DCF00299F86 /* biometric.json in Resources */,
				D6ACF12F22469EFF001B8A68 /* Roboto-Medium.ttf in Resources */,
				D6ACF13E22469F24001B8A68 /* DyeLine-Regular5.ttf in Resources */,
				D6ACF12D22469EFF001B8A68 /* Roboto-Light.ttf in Resources */,
				D609836023412FE800299F86 /* empty-box.json in Resources */,
				D6ACF13822469F24001B8A68 /* DyeLine-Regular4.ttf in Resources */,
				D6ACF12B22469EFF001B8A68 /* Roboto-Regular.ttf in Resources */,
				D6ACF12322469ED7001B8A68 /* Aileron-Regular.otf in Resources */,
				D6098350233F4CF600299F86 /* settings-gear.json in Resources */,
				D66A8A18234B425C00AB9917 /* Lottie-Files in Resources */,
				D609835C233F635600299F86 /* security.json in Resources */,
				D64008FD2336A5DE0086064E /* Assets.xcassets in Resources */,
				D6ACF13A22469F24001B8A68 /* DyeLine-Bold.ttf in Resources */,
			);
			runOnlyForDeploymentPostprocessing = 0;
		};
/* End PBXResourcesBuildPhase section */

/* Begin PBXShellScriptBuildPhase section */
		123C0C62685943D27E9A2B52 /* [CP] Check Pods Manifest.lock */ = {
			isa = PBXShellScriptBuildPhase;
			buildActionMask = 2147483647;
			files = (
			);
			inputFileListPaths = (
			);
			inputPaths = (
				"${PODS_PODFILE_DIR_PATH}/Podfile.lock",
				"${PODS_ROOT}/Manifest.lock",
			);
			name = "[CP] Check Pods Manifest.lock";
			outputFileListPaths = (
			);
			outputPaths = (
				"$(DERIVED_FILE_DIR)/Pods-TheMitPostUITests-checkManifestLockResult.txt",
			);
			runOnlyForDeploymentPostprocessing = 0;
			shellPath = /bin/sh;
			shellScript = "diff \"${PODS_PODFILE_DIR_PATH}/Podfile.lock\" \"${PODS_ROOT}/Manifest.lock\" > /dev/null\nif [ $? != 0 ] ; then\n    # print error to STDERR\n    echo \"error: The sandbox is not in sync with the Podfile.lock. Run 'pod install' or update your CocoaPods installation.\" >&2\n    exit 1\nfi\n# This output is used by Xcode 'outputs' to avoid re-running this script phase.\necho \"SUCCESS\" > \"${SCRIPT_OUTPUT_FILE_0}\"\n";
			showEnvVarsInLog = 0;
		};
		27D985A6A3A4E916DD6D6B22 /* [CP] Check Pods Manifest.lock */ = {
			isa = PBXShellScriptBuildPhase;
			buildActionMask = 2147483647;
			files = (
			);
			inputFileListPaths = (
			);
			inputPaths = (
				"${PODS_PODFILE_DIR_PATH}/Podfile.lock",
				"${PODS_ROOT}/Manifest.lock",
			);
			name = "[CP] Check Pods Manifest.lock";
			outputFileListPaths = (
			);
			outputPaths = (
				"$(DERIVED_FILE_DIR)/Pods-TheMitPost-checkManifestLockResult.txt",
			);
			runOnlyForDeploymentPostprocessing = 0;
			shellPath = /bin/sh;
			shellScript = "diff \"${PODS_PODFILE_DIR_PATH}/Podfile.lock\" \"${PODS_ROOT}/Manifest.lock\" > /dev/null\nif [ $? != 0 ] ; then\n    # print error to STDERR\n    echo \"error: The sandbox is not in sync with the Podfile.lock. Run 'pod install' or update your CocoaPods installation.\" >&2\n    exit 1\nfi\n# This output is used by Xcode 'outputs' to avoid re-running this script phase.\necho \"SUCCESS\" > \"${SCRIPT_OUTPUT_FILE_0}\"\n";
			showEnvVarsInLog = 0;
		};
		2FB55F1A08899130B348C989 /* [CP] Check Pods Manifest.lock */ = {
			isa = PBXShellScriptBuildPhase;
			buildActionMask = 2147483647;
			files = (
			);
			inputFileListPaths = (
			);
			inputPaths = (
				"${PODS_PODFILE_DIR_PATH}/Podfile.lock",
				"${PODS_ROOT}/Manifest.lock",
			);
			name = "[CP] Check Pods Manifest.lock";
			outputFileListPaths = (
			);
			outputPaths = (
				"$(DERIVED_FILE_DIR)/Pods-TheMitPostTests-checkManifestLockResult.txt",
			);
			runOnlyForDeploymentPostprocessing = 0;
			shellPath = /bin/sh;
			shellScript = "diff \"${PODS_PODFILE_DIR_PATH}/Podfile.lock\" \"${PODS_ROOT}/Manifest.lock\" > /dev/null\nif [ $? != 0 ] ; then\n    # print error to STDERR\n    echo \"error: The sandbox is not in sync with the Podfile.lock. Run 'pod install' or update your CocoaPods installation.\" >&2\n    exit 1\nfi\n# This output is used by Xcode 'outputs' to avoid re-running this script phase.\necho \"SUCCESS\" > \"${SCRIPT_OUTPUT_FILE_0}\"\n";
			showEnvVarsInLog = 0;
		};
		A351CA1215BC7533AAD77825 /* [CP] Embed Pods Frameworks */ = {
			isa = PBXShellScriptBuildPhase;
			buildActionMask = 2147483647;
			files = (
			);
			inputFileListPaths = (
				"${PODS_ROOT}/Target Support Files/Pods-TheMitPost/Pods-TheMitPost-frameworks-${CONFIGURATION}-input-files.xcfilelist",
			);
			name = "[CP] Embed Pods Frameworks";
			outputFileListPaths = (
				"${PODS_ROOT}/Target Support Files/Pods-TheMitPost/Pods-TheMitPost-frameworks-${CONFIGURATION}-output-files.xcfilelist",
			);
			runOnlyForDeploymentPostprocessing = 0;
			shellPath = /bin/sh;
			shellScript = "\"${PODS_ROOT}/Target Support Files/Pods-TheMitPost/Pods-TheMitPost-frameworks.sh\"\n";
			showEnvVarsInLog = 0;
		};
		D66A8A0C23487A2300AB9917 /* ShellScript */ = {
			isa = PBXShellScriptBuildPhase;
			buildActionMask = 2147483647;
			files = (
			);
			inputFileListPaths = (
			);
			inputPaths = (
				"$(SRCROOT)/$(BUILT_PRODUCTS_DIR)/$(INFOPLIST_PATH)",
			);
			outputFileListPaths = (
			);
			outputPaths = (
			);
			runOnlyForDeploymentPostprocessing = 0;
			shellPath = /bin/sh;
			shellScript = "# Type a script or drag a script file from your workspace to insert its path.\n\"${PODS_ROOT}/Fabric/run\"\n";
		};
/* End PBXShellScriptBuildPhase section */

/* Begin PBXSourcesBuildPhase section */
		D6D6A20721ECC5A200B822F8 /* Sources */ = {
			isa = PBXSourcesBuildPhase;
			buildActionMask = 2147483647;
			files = (
				D614E7DF233CD6F200377DC8 /* SLCMSettingsViewController.swift in Sources */,
				D6F392B922D5FB5900CE50D1 /* Events.swift in Sources */,
				D60EBF3121ED0CDF00DAC538 /* Article.swift in Sources */,
				D68A32612346353300B62C5E /* AboutViewController.swift in Sources */,
				D6313DC72292D37C00CB6F92 /* SLCMTableViewController.swift in Sources */,
				D6D6A21321ECC5A200B822F8 /* SLCMLoginViewController.swift in Sources */,
				D69B3057220382DC00E66AE3 /* Extensions.swift in Sources */,
				D6FF8153234B80C9000F7CC6 /* LaunchViewController.swift in Sources */,
				D61C44DB223E74DF00DF5DAA /* SLCM.swift in Sources */,
				D64B590A233D10A00096CF74 /* PDFLoadViewController.swift in Sources */,
				D664F31D22AF9F62002D6E0F /* Utilities.swift in Sources */,
				D63B747A22999FC800673950 /* SubjectCellTableViewCell.swift in Sources */,
				D66A8A0E2348825B00AB9917 /* PrivacyViewController.swift in Sources */,
				D664F32722B0FA2D002D6E0F /* Notices.swift in Sources */,
				D6FA299823326CEF00703DE7 /* NoticesCollectionViewController.swift in Sources */,
				D61D3A9521EE494B006DDD6B /* ArticleCollectionViewCell.swift in Sources */,
				D6D6A20F21ECC5A200B822F8 /* AppDelegate.swift in Sources */,
				D66A8A122348A40900AB9917 /* Common.swift in Sources */,
				D662420C23015E9F00261081 /* ArticleWebViewController.swift in Sources */,
				D6FA299423326B2E00703DE7 /* NoticeCollectionViewCell.swift in Sources */,
				D6400903233781500086064E /* ImagePresentViewController.swift in Sources */,
				D6A8705E22D916B60057A30B /* EventViewCell.swift in Sources */,
				D6F392BD22D604DC00CE50D1 /* EventsViewController.swift in Sources */,
				D6D6A21121ECC5A200B822F8 /* ArticlesViewController.swift in Sources */,
			);
			runOnlyForDeploymentPostprocessing = 0;
		};
		D6D6A21D21ECC5A500B822F8 /* Sources */ = {
			isa = PBXSourcesBuildPhase;
			buildActionMask = 2147483647;
			files = (
				D6A8705F22D916B60057A30B /* EventViewCell.swift in Sources */,
				D63B747B22999FC800673950 /* SubjectCellTableViewCell.swift in Sources */,
				D664F32822B0FA2D002D6E0F /* Notices.swift in Sources */,
				D614E7E0233CD6F200377DC8 /* SLCMSettingsViewController.swift in Sources */,
				D69B3058220382DC00E66AE3 /* Extensions.swift in Sources */,
				D6313DC82292D37C00CB6F92 /* SLCMTableViewController.swift in Sources */,
				D6F392BE22D604DC00CE50D1 /* EventsViewController.swift in Sources */,
				D66A8A0F2348825B00AB9917 /* PrivacyViewController.swift in Sources */,
				D6FA299923326CEF00703DE7 /* NoticesCollectionViewController.swift in Sources */,
				D664F31E22AF9F62002D6E0F /* Utilities.swift in Sources */,
				D68A32622346353300B62C5E /* AboutViewController.swift in Sources */,
				D61D3A9621EE494B006DDD6B /* ArticleCollectionViewCell.swift in Sources */,
				D60EBF3221ED0CDF00DAC538 /* Article.swift in Sources */,
				D66A8A132348A40900AB9917 /* Common.swift in Sources */,
				D6F392BA22D5FB5900CE50D1 /* Events.swift in Sources */,
				D6FA299523326B2E00703DE7 /* NoticeCollectionViewCell.swift in Sources */,
				D6400904233781500086064E /* ImagePresentViewController.swift in Sources */,
				D61C44DC223E74DF00DF5DAA /* SLCM.swift in Sources */,
				D662420D23015E9F00261081 /* ArticleWebViewController.swift in Sources */,
				D6D6A22621ECC5A500B822F8 /* TheMitPostTests.swift in Sources */,
				D64B590B233D10A00096CF74 /* PDFLoadViewController.swift in Sources */,
			);
			runOnlyForDeploymentPostprocessing = 0;
		};
		D6D6A22821ECC5A500B822F8 /* Sources */ = {
			isa = PBXSourcesBuildPhase;
			buildActionMask = 2147483647;
			files = (
				D6FA299A23326CEF00703DE7 /* NoticesCollectionViewController.swift in Sources */,
				D6D6A23121ECC5A500B822F8 /* TheMitPostUITests.swift in Sources */,
				D61D3A9721EE494B006DDD6B /* ArticleCollectionViewCell.swift in Sources */,
				D61C44DD223E74DF00DF5DAA /* SLCM.swift in Sources */,
				D614E7E1233CD6F200377DC8 /* SLCMSettingsViewController.swift in Sources */,
				D6F392BF22D604DC00CE50D1 /* EventsViewController.swift in Sources */,
				D664F31F22AF9F62002D6E0F /* Utilities.swift in Sources */,
				D6313DC92292D37C00CB6F92 /* SLCMTableViewController.swift in Sources */,
				D66A8A142348A40900AB9917 /* Common.swift in Sources */,
				D64B590C233D10A00096CF74 /* PDFLoadViewController.swift in Sources */,
				D6F392BB22D5FB5900CE50D1 /* Events.swift in Sources */,
				D6400905233781500086064E /* ImagePresentViewController.swift in Sources */,
				D6A8706022D916B60057A30B /* EventViewCell.swift in Sources */,
				D66A8A102348825B00AB9917 /* PrivacyViewController.swift in Sources */,
				D68A32632346353300B62C5E /* AboutViewController.swift in Sources */,
				D664F32922B0FA2D002D6E0F /* Notices.swift in Sources */,
				D662420E23015E9F00261081 /* ArticleWebViewController.swift in Sources */,
				D6FA299623326B2E00703DE7 /* NoticeCollectionViewCell.swift in Sources */,
				D63B747C22999FC800673950 /* SubjectCellTableViewCell.swift in Sources */,
				D69B3059220382DC00E66AE3 /* Extensions.swift in Sources */,
			);
			runOnlyForDeploymentPostprocessing = 0;
		};
/* End PBXSourcesBuildPhase section */

/* Begin PBXTargetDependency section */
		D6D6A22321ECC5A500B822F8 /* PBXTargetDependency */ = {
			isa = PBXTargetDependency;
			target = D6D6A20A21ECC5A200B822F8 /* TheMitPost */;
			targetProxy = D6D6A22221ECC5A500B822F8 /* PBXContainerItemProxy */;
		};
		D6D6A22E21ECC5A500B822F8 /* PBXTargetDependency */ = {
			isa = PBXTargetDependency;
			target = D6D6A20A21ECC5A200B822F8 /* TheMitPost */;
			targetProxy = D6D6A22D21ECC5A500B822F8 /* PBXContainerItemProxy */;
		};
/* End PBXTargetDependency section */

/* Begin PBXVariantGroup section */
		D6D6A21421ECC5A200B822F8 /* Main.storyboard */ = {
			isa = PBXVariantGroup;
			children = (
				D6D6A21521ECC5A200B822F8 /* Base */,
			);
			name = Main.storyboard;
			sourceTree = "<group>";
		};
		D6D6A21921ECC5A400B822F8 /* LaunchScreen.storyboard */ = {
			isa = PBXVariantGroup;
			children = (
				D6D6A21A21ECC5A400B822F8 /* Base */,
			);
			name = LaunchScreen.storyboard;
			sourceTree = "<group>";
		};
/* End PBXVariantGroup section */

/* Begin XCBuildConfiguration section */
		D6D6A23321ECC5A500B822F8 /* Debug */ = {
			isa = XCBuildConfiguration;
			buildSettings = {
				ALWAYS_SEARCH_USER_PATHS = NO;
				CLANG_ANALYZER_NONNULL = YES;
				CLANG_ANALYZER_NUMBER_OBJECT_CONVERSION = YES_AGGRESSIVE;
				CLANG_CXX_LANGUAGE_STANDARD = "gnu++14";
				CLANG_CXX_LIBRARY = "libc++";
				CLANG_ENABLE_MODULES = YES;
				CLANG_ENABLE_OBJC_ARC = YES;
				CLANG_ENABLE_OBJC_WEAK = YES;
				CLANG_WARN_BLOCK_CAPTURE_AUTORELEASING = YES;
				CLANG_WARN_BOOL_CONVERSION = YES;
				CLANG_WARN_COMMA = YES;
				CLANG_WARN_CONSTANT_CONVERSION = YES;
				CLANG_WARN_DEPRECATED_OBJC_IMPLEMENTATIONS = YES;
				CLANG_WARN_DIRECT_OBJC_ISA_USAGE = YES_ERROR;
				CLANG_WARN_DOCUMENTATION_COMMENTS = YES;
				CLANG_WARN_EMPTY_BODY = YES;
				CLANG_WARN_ENUM_CONVERSION = YES;
				CLANG_WARN_INFINITE_RECURSION = YES;
				CLANG_WARN_INT_CONVERSION = YES;
				CLANG_WARN_NON_LITERAL_NULL_CONVERSION = YES;
				CLANG_WARN_OBJC_IMPLICIT_RETAIN_SELF = YES;
				CLANG_WARN_OBJC_LITERAL_CONVERSION = YES;
				CLANG_WARN_OBJC_ROOT_CLASS = YES_ERROR;
				CLANG_WARN_RANGE_LOOP_ANALYSIS = YES;
				CLANG_WARN_STRICT_PROTOTYPES = YES;
				CLANG_WARN_SUSPICIOUS_MOVE = YES;
				CLANG_WARN_UNGUARDED_AVAILABILITY = YES_AGGRESSIVE;
				CLANG_WARN_UNREACHABLE_CODE = YES;
				CLANG_WARN__DUPLICATE_METHOD_MATCH = YES;
				CODE_SIGN_IDENTITY = "iPhone Developer";
				COPY_PHASE_STRIP = NO;
				DEBUG_INFORMATION_FORMAT = dwarf;
				ENABLE_STRICT_OBJC_MSGSEND = YES;
				ENABLE_TESTABILITY = YES;
				GCC_C_LANGUAGE_STANDARD = gnu11;
				GCC_DYNAMIC_NO_PIC = NO;
				GCC_NO_COMMON_BLOCKS = YES;
				GCC_OPTIMIZATION_LEVEL = 0;
				GCC_PREPROCESSOR_DEFINITIONS = (
					"DEBUG=1",
					"$(inherited)",
				);
				GCC_WARN_64_TO_32_BIT_CONVERSION = YES;
				GCC_WARN_ABOUT_RETURN_TYPE = YES_ERROR;
				GCC_WARN_UNDECLARED_SELECTOR = YES;
				GCC_WARN_UNINITIALIZED_AUTOS = YES_AGGRESSIVE;
				GCC_WARN_UNUSED_FUNCTION = YES;
				GCC_WARN_UNUSED_VARIABLE = YES;
				IPHONEOS_DEPLOYMENT_TARGET = 12.1;
				MTL_ENABLE_DEBUG_INFO = INCLUDE_SOURCE;
				MTL_FAST_MATH = YES;
				ONLY_ACTIVE_ARCH = YES;
				SDKROOT = iphoneos;
				SWIFT_ACTIVE_COMPILATION_CONDITIONS = DEBUG;
				SWIFT_OPTIMIZATION_LEVEL = "-Onone";
			};
			name = Debug;
		};
		D6D6A23421ECC5A500B822F8 /* Release */ = {
			isa = XCBuildConfiguration;
			buildSettings = {
				ALWAYS_SEARCH_USER_PATHS = NO;
				CLANG_ANALYZER_NONNULL = YES;
				CLANG_ANALYZER_NUMBER_OBJECT_CONVERSION = YES_AGGRESSIVE;
				CLANG_CXX_LANGUAGE_STANDARD = "gnu++14";
				CLANG_CXX_LIBRARY = "libc++";
				CLANG_ENABLE_MODULES = YES;
				CLANG_ENABLE_OBJC_ARC = YES;
				CLANG_ENABLE_OBJC_WEAK = YES;
				CLANG_WARN_BLOCK_CAPTURE_AUTORELEASING = YES;
				CLANG_WARN_BOOL_CONVERSION = YES;
				CLANG_WARN_COMMA = YES;
				CLANG_WARN_CONSTANT_CONVERSION = YES;
				CLANG_WARN_DEPRECATED_OBJC_IMPLEMENTATIONS = YES;
				CLANG_WARN_DIRECT_OBJC_ISA_USAGE = YES_ERROR;
				CLANG_WARN_DOCUMENTATION_COMMENTS = YES;
				CLANG_WARN_EMPTY_BODY = YES;
				CLANG_WARN_ENUM_CONVERSION = YES;
				CLANG_WARN_INFINITE_RECURSION = YES;
				CLANG_WARN_INT_CONVERSION = YES;
				CLANG_WARN_NON_LITERAL_NULL_CONVERSION = YES;
				CLANG_WARN_OBJC_IMPLICIT_RETAIN_SELF = YES;
				CLANG_WARN_OBJC_LITERAL_CONVERSION = YES;
				CLANG_WARN_OBJC_ROOT_CLASS = YES_ERROR;
				CLANG_WARN_RANGE_LOOP_ANALYSIS = YES;
				CLANG_WARN_STRICT_PROTOTYPES = YES;
				CLANG_WARN_SUSPICIOUS_MOVE = YES;
				CLANG_WARN_UNGUARDED_AVAILABILITY = YES_AGGRESSIVE;
				CLANG_WARN_UNREACHABLE_CODE = YES;
				CLANG_WARN__DUPLICATE_METHOD_MATCH = YES;
				CODE_SIGN_IDENTITY = "iPhone Developer";
				COPY_PHASE_STRIP = NO;
				DEBUG_INFORMATION_FORMAT = "dwarf-with-dsym";
				ENABLE_NS_ASSERTIONS = NO;
				ENABLE_STRICT_OBJC_MSGSEND = YES;
				GCC_C_LANGUAGE_STANDARD = gnu11;
				GCC_NO_COMMON_BLOCKS = YES;
				GCC_WARN_64_TO_32_BIT_CONVERSION = YES;
				GCC_WARN_ABOUT_RETURN_TYPE = YES_ERROR;
				GCC_WARN_UNDECLARED_SELECTOR = YES;
				GCC_WARN_UNINITIALIZED_AUTOS = YES_AGGRESSIVE;
				GCC_WARN_UNUSED_FUNCTION = YES;
				GCC_WARN_UNUSED_VARIABLE = YES;
				IPHONEOS_DEPLOYMENT_TARGET = 12.1;
				MTL_ENABLE_DEBUG_INFO = NO;
				MTL_FAST_MATH = YES;
				SDKROOT = iphoneos;
				SWIFT_COMPILATION_MODE = wholemodule;
				SWIFT_OPTIMIZATION_LEVEL = "-O";
				VALIDATE_PRODUCT = YES;
			};
			name = Release;
		};
		D6D6A23621ECC5A500B822F8 /* Debug */ = {
			isa = XCBuildConfiguration;
			baseConfigurationReference = 110DE464103B6C04F3AAA7A4 /* Pods-TheMitPost.debug.xcconfig */;
			buildSettings = {
				ASSETCATALOG_COMPILER_APPICON_NAME = AppIcon;
				CODE_SIGN_ENTITLEMENTS = TheMitPost/TheMitPost.entitlements;
				CODE_SIGN_STYLE = Automatic;
				CURRENT_PROJECT_VERSION = 5.1;
				DEVELOPMENT_TEAM = N7MCZ8UJRF;
				INFOPLIST_FILE = TheMitPost/Info.plist;
				IPHONEOS_DEPLOYMENT_TARGET = 12.0;
				LD_RUNPATH_SEARCH_PATHS = (
					"$(inherited)",
					"@executable_path/Frameworks",
				);
				MARKETING_VERSION = 1.4.5;
				PRODUCT_BUNDLE_IDENTIFIER = com.Ramathmika.ThePost;
				PRODUCT_NAME = "$(TARGET_NAME)";
				SWIFT_VERSION = 5.0;
				TARGETED_DEVICE_FAMILY = 1;
			};
			name = Debug;
		};
		D6D6A23721ECC5A500B822F8 /* Release */ = {
			isa = XCBuildConfiguration;
			baseConfigurationReference = 0B96703653C58388BAFD23B2 /* Pods-TheMitPost.release.xcconfig */;
			buildSettings = {
				ASSETCATALOG_COMPILER_APPICON_NAME = AppIcon;
				CODE_SIGN_ENTITLEMENTS = TheMitPost/TheMitPost.entitlements;
				CODE_SIGN_STYLE = Automatic;
				CURRENT_PROJECT_VERSION = 5.1;
				DEVELOPMENT_TEAM = N7MCZ8UJRF;
				INFOPLIST_FILE = TheMitPost/Info.plist;
				IPHONEOS_DEPLOYMENT_TARGET = 12.0;
				LD_RUNPATH_SEARCH_PATHS = (
					"$(inherited)",
					"@executable_path/Frameworks",
				);
				MARKETING_VERSION = 1.4.5;
				PRODUCT_BUNDLE_IDENTIFIER = com.Ramathmika.ThePost;
				PRODUCT_NAME = "$(TARGET_NAME)";
				SWIFT_VERSION = 5.0;
				TARGETED_DEVICE_FAMILY = 1;
			};
			name = Release;
		};
		D6D6A23921ECC5A500B822F8 /* Debug */ = {
			isa = XCBuildConfiguration;
			baseConfigurationReference = F3362DA79FFBC7E67CB90966 /* Pods-TheMitPostTests.debug.xcconfig */;
			buildSettings = {
				ALWAYS_EMBED_SWIFT_STANDARD_LIBRARIES = YES;
				BUNDLE_LOADER = "$(TEST_HOST)";
				CODE_SIGN_STYLE = Automatic;
				DEVELOPMENT_TEAM = 9Z34Y633MA;
				INFOPLIST_FILE = TheMitPostTests/Info.plist;
				LD_RUNPATH_SEARCH_PATHS = (
					"$(inherited)",
					"@executable_path/Frameworks",
					"@loader_path/Frameworks",
				);
				PRODUCT_BUNDLE_IDENTIFIER = com.Tsarsha.apps.TheMitPostTests;
				PRODUCT_NAME = "$(TARGET_NAME)";
				SWIFT_VERSION = 4.2;
				TARGETED_DEVICE_FAMILY = "1,2";
				TEST_HOST = "$(BUILT_PRODUCTS_DIR)/TheMitPost.app/TheMitPost";
			};
			name = Debug;
		};
		D6D6A23A21ECC5A500B822F8 /* Release */ = {
			isa = XCBuildConfiguration;
			baseConfigurationReference = 7616EAD6973FAAD76441FD39 /* Pods-TheMitPostTests.release.xcconfig */;
			buildSettings = {
				ALWAYS_EMBED_SWIFT_STANDARD_LIBRARIES = YES;
				BUNDLE_LOADER = "$(TEST_HOST)";
				CODE_SIGN_STYLE = Automatic;
				DEVELOPMENT_TEAM = 9Z34Y633MA;
				INFOPLIST_FILE = TheMitPostTests/Info.plist;
				LD_RUNPATH_SEARCH_PATHS = (
					"$(inherited)",
					"@executable_path/Frameworks",
					"@loader_path/Frameworks",
				);
				PRODUCT_BUNDLE_IDENTIFIER = com.Tsarsha.apps.TheMitPostTests;
				PRODUCT_NAME = "$(TARGET_NAME)";
				SWIFT_VERSION = 4.2;
				TARGETED_DEVICE_FAMILY = "1,2";
				TEST_HOST = "$(BUILT_PRODUCTS_DIR)/TheMitPost.app/TheMitPost";
			};
			name = Release;
		};
		D6D6A23C21ECC5A500B822F8 /* Debug */ = {
			isa = XCBuildConfiguration;
			baseConfigurationReference = 34F4459B5E9732FCC19261CF /* Pods-TheMitPostUITests.debug.xcconfig */;
			buildSettings = {
				ALWAYS_EMBED_SWIFT_STANDARD_LIBRARIES = YES;
				CODE_SIGN_STYLE = Automatic;
				DEVELOPMENT_TEAM = 9Z34Y633MA;
				INFOPLIST_FILE = TheMitPostUITests/Info.plist;
				LD_RUNPATH_SEARCH_PATHS = (
					"$(inherited)",
					"@executable_path/Frameworks",
					"@loader_path/Frameworks",
				);
				PRODUCT_BUNDLE_IDENTIFIER = com.Tsarsha.apps.TheMitPostUITests;
				PRODUCT_NAME = "$(TARGET_NAME)";
				SWIFT_VERSION = 4.2;
				TARGETED_DEVICE_FAMILY = "1,2";
				TEST_TARGET_NAME = TheMitPost;
			};
			name = Debug;
		};
		D6D6A23D21ECC5A500B822F8 /* Release */ = {
			isa = XCBuildConfiguration;
			baseConfigurationReference = 08182739F20003F58C569534 /* Pods-TheMitPostUITests.release.xcconfig */;
			buildSettings = {
				ALWAYS_EMBED_SWIFT_STANDARD_LIBRARIES = YES;
				CODE_SIGN_STYLE = Automatic;
				DEVELOPMENT_TEAM = 9Z34Y633MA;
				INFOPLIST_FILE = TheMitPostUITests/Info.plist;
				LD_RUNPATH_SEARCH_PATHS = (
					"$(inherited)",
					"@executable_path/Frameworks",
					"@loader_path/Frameworks",
				);
				PRODUCT_BUNDLE_IDENTIFIER = com.Tsarsha.apps.TheMitPostUITests;
				PRODUCT_NAME = "$(TARGET_NAME)";
				SWIFT_VERSION = 4.2;
				TARGETED_DEVICE_FAMILY = "1,2";
				TEST_TARGET_NAME = TheMitPost;
			};
			name = Release;
		};
/* End XCBuildConfiguration section */

/* Begin XCConfigurationList section */
		D6D6A20621ECC5A200B822F8 /* Build configuration list for PBXProject "TheMitPost" */ = {
			isa = XCConfigurationList;
			buildConfigurations = (
				D6D6A23321ECC5A500B822F8 /* Debug */,
				D6D6A23421ECC5A500B822F8 /* Release */,
			);
			defaultConfigurationIsVisible = 0;
			defaultConfigurationName = Release;
		};
		D6D6A23521ECC5A500B822F8 /* Build configuration list for PBXNativeTarget "TheMitPost" */ = {
			isa = XCConfigurationList;
			buildConfigurations = (
				D6D6A23621ECC5A500B822F8 /* Debug */,
				D6D6A23721ECC5A500B822F8 /* Release */,
			);
			defaultConfigurationIsVisible = 0;
			defaultConfigurationName = Release;
		};
		D6D6A23821ECC5A500B822F8 /* Build configuration list for PBXNativeTarget "TheMitPostTests" */ = {
			isa = XCConfigurationList;
			buildConfigurations = (
				D6D6A23921ECC5A500B822F8 /* Debug */,
				D6D6A23A21ECC5A500B822F8 /* Release */,
			);
			defaultConfigurationIsVisible = 0;
			defaultConfigurationName = Release;
		};
		D6D6A23B21ECC5A500B822F8 /* Build configuration list for PBXNativeTarget "TheMitPostUITests" */ = {
			isa = XCConfigurationList;
			buildConfigurations = (
				D6D6A23C21ECC5A500B822F8 /* Debug */,
				D6D6A23D21ECC5A500B822F8 /* Release */,
			);
			defaultConfigurationIsVisible = 0;
			defaultConfigurationName = Release;
		};
/* End XCConfigurationList section */
	};
	rootObject = D6D6A20321ECC5A200B822F8 /* Project object */;
}
