// !$*UTF8*$!
{
	archiveVersion = 1;
	classes = {
	};
	objectVersion = 50;
	objects = {

/* Begin PBXBuildFile section */
		B1E5A1E6508EC8ED1EC79B4E /* Pods_TheMitPostUITests.framework in Frameworks */ = {isa = PBXBuildFile; fileRef = 70DC9436172A9B75A537E0EF /* Pods_TheMitPostUITests.framework */; };
		BEF926D8EDB50F3D79A65B88 /* Pods_TheMitPostTests.framework in Frameworks */ = {isa = PBXBuildFile; fileRef = 0E5C3EB86EA193265376DEAB /* Pods_TheMitPostTests.framework */; };
		D60EBF3121ED0CDF00DAC538 /* Article.swift in Sources */ = {isa = PBXBuildFile; fileRef = D60EBF3021ED0CDF00DAC538 /* Article.swift */; };
		D60EBF3221ED0CDF00DAC538 /* Article.swift in Sources */ = {isa = PBXBuildFile; fileRef = D60EBF3021ED0CDF00DAC538 /* Article.swift */; };
		D61C44DB223E74DF00DF5DAA /* SLCM.swift in Sources */ = {isa = PBXBuildFile; fileRef = D61C44DA223E74DF00DF5DAA /* SLCM.swift */; };
		D61C44DC223E74DF00DF5DAA /* SLCM.swift in Sources */ = {isa = PBXBuildFile; fileRef = D61C44DA223E74DF00DF5DAA /* SLCM.swift */; };
		D61C44DD223E74DF00DF5DAA /* SLCM.swift in Sources */ = {isa = PBXBuildFile; fileRef = D61C44DA223E74DF00DF5DAA /* SLCM.swift */; };
		D61D3A9221EE4913006DDD6B /* Trial-Test-Scripts.swift in Sources */ = {isa = PBXBuildFile; fileRef = D61D3A9121EE4913006DDD6B /* Trial-Test-Scripts.swift */; };
		D61D3A9521EE494B006DDD6B /* ArticleCollectionViewCell.swift in Sources */ = {isa = PBXBuildFile; fileRef = D61D3A9321EE494B006DDD6B /* ArticleCollectionViewCell.swift */; };
		D61D3A9621EE494B006DDD6B /* ArticleCollectionViewCell.swift in Sources */ = {isa = PBXBuildFile; fileRef = D61D3A9321EE494B006DDD6B /* ArticleCollectionViewCell.swift */; };
		D61D3A9721EE494B006DDD6B /* ArticleCollectionViewCell.swift in Sources */ = {isa = PBXBuildFile; fileRef = D61D3A9321EE494B006DDD6B /* ArticleCollectionViewCell.swift */; };
		D69B30532203775A00E66AE3 /* ArticleHeaderView.swift in Sources */ = {isa = PBXBuildFile; fileRef = D69B30522203775A00E66AE3 /* ArticleHeaderView.swift */; };
		D69B30542203775A00E66AE3 /* ArticleHeaderView.swift in Sources */ = {isa = PBXBuildFile; fileRef = D69B30522203775A00E66AE3 /* ArticleHeaderView.swift */; };
		D69B30552203775A00E66AE3 /* ArticleHeaderView.swift in Sources */ = {isa = PBXBuildFile; fileRef = D69B30522203775A00E66AE3 /* ArticleHeaderView.swift */; };
		D69B3057220382DC00E66AE3 /* Extensions.swift in Sources */ = {isa = PBXBuildFile; fileRef = D69B3056220382DC00E66AE3 /* Extensions.swift */; };
		D69B3058220382DC00E66AE3 /* Extensions.swift in Sources */ = {isa = PBXBuildFile; fileRef = D69B3056220382DC00E66AE3 /* Extensions.swift */; };
		D69B3059220382DC00E66AE3 /* Extensions.swift in Sources */ = {isa = PBXBuildFile; fileRef = D69B3056220382DC00E66AE3 /* Extensions.swift */; };
		D6ACFF9B2242C22B00CDFAF6 /* ArticleTableViewCell.swift in Sources */ = {isa = PBXBuildFile; fileRef = D6ACFF9A2242C22B00CDFAF6 /* ArticleTableViewCell.swift */; };
		D6ACFF9C2242C22B00CDFAF6 /* ArticleTableViewCell.swift in Sources */ = {isa = PBXBuildFile; fileRef = D6ACFF9A2242C22B00CDFAF6 /* ArticleTableViewCell.swift */; };
		D6ACFF9D2242C22C00CDFAF6 /* ArticleTableViewCell.swift in Sources */ = {isa = PBXBuildFile; fileRef = D6ACFF9A2242C22B00CDFAF6 /* ArticleTableViewCell.swift */; };
		D6D6A20F21ECC5A200B822F8 /* AppDelegate.swift in Sources */ = {isa = PBXBuildFile; fileRef = D6D6A20E21ECC5A200B822F8 /* AppDelegate.swift */; };
		D6D6A21121ECC5A200B822F8 /* ArticlesViewController.swift in Sources */ = {isa = PBXBuildFile; fileRef = D6D6A21021ECC5A200B822F8 /* ArticlesViewController.swift */; };
		D6D6A21321ECC5A200B822F8 /* SLCMViewController.swift in Sources */ = {isa = PBXBuildFile; fileRef = D6D6A21221ECC5A200B822F8 /* SLCMViewController.swift */; };
		D6D6A21621ECC5A200B822F8 /* Main.storyboard in Resources */ = {isa = PBXBuildFile; fileRef = D6D6A21421ECC5A200B822F8 /* Main.storyboard */; };
		D6D6A21821ECC5A400B822F8 /* Assets.xcassets in Resources */ = {isa = PBXBuildFile; fileRef = D6D6A21721ECC5A400B822F8 /* Assets.xcassets */; };
		D6D6A21B21ECC5A400B822F8 /* LaunchScreen.storyboard in Resources */ = {isa = PBXBuildFile; fileRef = D6D6A21921ECC5A400B822F8 /* LaunchScreen.storyboard */; };
		D6D6A22621ECC5A500B822F8 /* TheMitPostTests.swift in Sources */ = {isa = PBXBuildFile; fileRef = D6D6A22521ECC5A500B822F8 /* TheMitPostTests.swift */; };
		D6D6A23121ECC5A500B822F8 /* TheMitPostUITests.swift in Sources */ = {isa = PBXBuildFile; fileRef = D6D6A23021ECC5A500B822F8 /* TheMitPostUITests.swift */; };
		D6D6A24121ECDC2000B822F8 /* GoogleService-Info.plist in Resources */ = {isa = PBXBuildFile; fileRef = D6D6A24021ECDC1800B822F8 /* GoogleService-Info.plist */; };
		D6F8066C2204A0420041E09F /* ArticleViewController.swift in Sources */ = {isa = PBXBuildFile; fileRef = D6F8066B2204A0420041E09F /* ArticleViewController.swift */; };
		D6F8066D2204A0420041E09F /* ArticleViewController.swift in Sources */ = {isa = PBXBuildFile; fileRef = D6F8066B2204A0420041E09F /* ArticleViewController.swift */; };
		D6F8066E2204A0420041E09F /* ArticleViewController.swift in Sources */ = {isa = PBXBuildFile; fileRef = D6F8066B2204A0420041E09F /* ArticleViewController.swift */; };
		FA3BF59BD9D7A3D5968642D7 /* Pods_TheMitPost.framework in Frameworks */ = {isa = PBXBuildFile; fileRef = 5C9EA9BEB86CB805E9400C2F /* Pods_TheMitPost.framework */; };
/* End PBXBuildFile section */

/* Begin PBXContainerItemProxy section */
		D6D6A22221ECC5A500B822F8 /* PBXContainerItemProxy */ = {
			isa = PBXContainerItemProxy;
			containerPortal = D6D6A20321ECC5A200B822F8 /* Project object */;
			proxyType = 1;
			remoteGlobalIDString = D6D6A20A21ECC5A200B822F8;
			remoteInfo = TheMitPost;
		};
		D6D6A22D21ECC5A500B822F8 /* PBXContainerItemProxy */ = {
			isa = PBXContainerItemProxy;
			containerPortal = D6D6A20321ECC5A200B822F8 /* Project object */;
			proxyType = 1;
			remoteGlobalIDString = D6D6A20A21ECC5A200B822F8;
			remoteInfo = TheMitPost;
		};
/* End PBXContainerItemProxy section */

/* Begin PBXFileReference section */
		0E5C3EB86EA193265376DEAB /* Pods_TheMitPostTests.framework */ = {isa = PBXFileReference; explicitFileType = wrapper.framework; includeInIndex = 0; path = Pods_TheMitPostTests.framework; sourceTree = BUILT_PRODUCTS_DIR; };
		1AE8A8A683B2383FFFF9EB5C /* Pods-TheMitPostTests.debug.xcconfig */ = {isa = PBXFileReference; includeInIndex = 1; lastKnownFileType = text.xcconfig; name = "Pods-TheMitPostTests.debug.xcconfig"; path = "Pods/Target Support Files/Pods-TheMitPostTests/Pods-TheMitPostTests.debug.xcconfig"; sourceTree = "<group>"; };
		43538FB88670C4191BCA62D2 /* Pods-TheMitPost.debug.xcconfig */ = {isa = PBXFileReference; includeInIndex = 1; lastKnownFileType = text.xcconfig; name = "Pods-TheMitPost.debug.xcconfig"; path = "Pods/Target Support Files/Pods-TheMitPost/Pods-TheMitPost.debug.xcconfig"; sourceTree = "<group>"; };
		4E67F2C84E1DDC8E07A1795B /* Pods-TheMitPostUITests.debug.xcconfig */ = {isa = PBXFileReference; includeInIndex = 1; lastKnownFileType = text.xcconfig; name = "Pods-TheMitPostUITests.debug.xcconfig"; path = "Pods/Target Support Files/Pods-TheMitPostUITests/Pods-TheMitPostUITests.debug.xcconfig"; sourceTree = "<group>"; };
		5C9EA9BEB86CB805E9400C2F /* Pods_TheMitPost.framework */ = {isa = PBXFileReference; explicitFileType = wrapper.framework; includeInIndex = 0; path = Pods_TheMitPost.framework; sourceTree = BUILT_PRODUCTS_DIR; };
		70DC9436172A9B75A537E0EF /* Pods_TheMitPostUITests.framework */ = {isa = PBXFileReference; explicitFileType = wrapper.framework; includeInIndex = 0; path = Pods_TheMitPostUITests.framework; sourceTree = BUILT_PRODUCTS_DIR; };
		83409E6AA454CF1D0F4508D0 /* Pods-TheMitPostUITests.release.xcconfig */ = {isa = PBXFileReference; includeInIndex = 1; lastKnownFileType = text.xcconfig; name = "Pods-TheMitPostUITests.release.xcconfig"; path = "Pods/Target Support Files/Pods-TheMitPostUITests/Pods-TheMitPostUITests.release.xcconfig"; sourceTree = "<group>"; };
		B3D7AF3A89690FCA396B091D /* Pods-TheMitPost.release.xcconfig */ = {isa = PBXFileReference; includeInIndex = 1; lastKnownFileType = text.xcconfig; name = "Pods-TheMitPost.release.xcconfig"; path = "Pods/Target Support Files/Pods-TheMitPost/Pods-TheMitPost.release.xcconfig"; sourceTree = "<group>"; };
		C122AB422CB3AF9C1C826A80 /* Pods-TheMitPostTests.release.xcconfig */ = {isa = PBXFileReference; includeInIndex = 1; lastKnownFileType = text.xcconfig; name = "Pods-TheMitPostTests.release.xcconfig"; path = "Pods/Target Support Files/Pods-TheMitPostTests/Pods-TheMitPostTests.release.xcconfig"; sourceTree = "<group>"; };
		D60EBF3021ED0CDF00DAC538 /* Article.swift */ = {isa = PBXFileReference; lastKnownFileType = sourcecode.swift; path = Article.swift; sourceTree = "<group>"; };
		D61C44DA223E74DF00DF5DAA /* SLCM.swift */ = {isa = PBXFileReference; lastKnownFileType = sourcecode.swift; path = SLCM.swift; sourceTree = "<group>"; };
		D61D3A9121EE4913006DDD6B /* Trial-Test-Scripts.swift */ = {isa = PBXFileReference; lastKnownFileType = sourcecode.swift; path = "Trial-Test-Scripts.swift"; sourceTree = "<group>"; };
		D61D3A9321EE494B006DDD6B /* ArticleCollectionViewCell.swift */ = {isa = PBXFileReference; lastKnownFileType = sourcecode.swift; path = ArticleCollectionViewCell.swift; sourceTree = "<group>"; };
		D69B30522203775A00E66AE3 /* ArticleHeaderView.swift */ = {isa = PBXFileReference; lastKnownFileType = sourcecode.swift; path = ArticleHeaderView.swift; sourceTree = "<group>"; };
		D69B3056220382DC00E66AE3 /* Extensions.swift */ = {isa = PBXFileReference; lastKnownFileType = sourcecode.swift; path = Extensions.swift; sourceTree = "<group>"; };
		D6ACFF9A2242C22B00CDFAF6 /* ArticleTableViewCell.swift */ = {isa = PBXFileReference; lastKnownFileType = sourcecode.swift; path = ArticleTableViewCell.swift; sourceTree = "<group>"; };
		D6D6A20B21ECC5A200B822F8 /* TheMitPost.app */ = {isa = PBXFileReference; explicitFileType = wrapper.application; includeInIndex = 0; path = TheMitPost.app; sourceTree = BUILT_PRODUCTS_DIR; };
		D6D6A20E21ECC5A200B822F8 /* AppDelegate.swift */ = {isa = PBXFileReference; lastKnownFileType = sourcecode.swift; path = AppDelegate.swift; sourceTree = "<group>"; };
		D6D6A21021ECC5A200B822F8 /* ArticlesViewController.swift */ = {isa = PBXFileReference; lastKnownFileType = sourcecode.swift; path = ArticlesViewController.swift; sourceTree = "<group>"; };
		D6D6A21221ECC5A200B822F8 /* SLCMViewController.swift */ = {isa = PBXFileReference; lastKnownFileType = sourcecode.swift; path = SLCMViewController.swift; sourceTree = "<group>"; };
		D6D6A21521ECC5A200B822F8 /* Base */ = {isa = PBXFileReference; lastKnownFileType = file.storyboard; name = Base; path = Base.lproj/Main.storyboard; sourceTree = "<group>"; };
		D6D6A21721ECC5A400B822F8 /* Assets.xcassets */ = {isa = PBXFileReference; lastKnownFileType = folder.assetcatalog; path = Assets.xcassets; sourceTree = "<group>"; };
		D6D6A21A21ECC5A400B822F8 /* Base */ = {isa = PBXFileReference; lastKnownFileType = file.storyboard; name = Base; path = Base.lproj/LaunchScreen.storyboard; sourceTree = "<group>"; };
		D6D6A21C21ECC5A400B822F8 /* Info.plist */ = {isa = PBXFileReference; lastKnownFileType = text.plist.xml; path = Info.plist; sourceTree = "<group>"; };
		D6D6A22121ECC5A500B822F8 /* TheMitPostTests.xctest */ = {isa = PBXFileReference; explicitFileType = wrapper.cfbundle; includeInIndex = 0; path = TheMitPostTests.xctest; sourceTree = BUILT_PRODUCTS_DIR; };
		D6D6A22521ECC5A500B822F8 /* TheMitPostTests.swift */ = {isa = PBXFileReference; lastKnownFileType = sourcecode.swift; path = TheMitPostTests.swift; sourceTree = "<group>"; };
		D6D6A22721ECC5A500B822F8 /* Info.plist */ = {isa = PBXFileReference; lastKnownFileType = text.plist.xml; path = Info.plist; sourceTree = "<group>"; };
		D6D6A22C21ECC5A500B822F8 /* TheMitPostUITests.xctest */ = {isa = PBXFileReference; explicitFileType = wrapper.cfbundle; includeInIndex = 0; path = TheMitPostUITests.xctest; sourceTree = BUILT_PRODUCTS_DIR; };
		D6D6A23021ECC5A500B822F8 /* TheMitPostUITests.swift */ = {isa = PBXFileReference; lastKnownFileType = sourcecode.swift; path = TheMitPostUITests.swift; sourceTree = "<group>"; };
		D6D6A23221ECC5A500B822F8 /* Info.plist */ = {isa = PBXFileReference; lastKnownFileType = text.plist.xml; path = Info.plist; sourceTree = "<group>"; };
		D6D6A24021ECDC1800B822F8 /* GoogleService-Info.plist */ = {isa = PBXFileReference; fileEncoding = 4; lastKnownFileType = text.plist.xml; path = "GoogleService-Info.plist"; sourceTree = "<group>"; };
		D6F8066B2204A0420041E09F /* ArticleViewController.swift */ = {isa = PBXFileReference; lastKnownFileType = sourcecode.swift; path = ArticleViewController.swift; sourceTree = "<group>"; };
/* End PBXFileReference section */

/* Begin PBXFrameworksBuildPhase section */
		D6D6A20821ECC5A200B822F8 /* Frameworks */ = {
			isa = PBXFrameworksBuildPhase;
			buildActionMask = 2147483647;
			files = (
				FA3BF59BD9D7A3D5968642D7 /* Pods_TheMitPost.framework in Frameworks */,
			);
			runOnlyForDeploymentPostprocessing = 0;
		};
		D6D6A21E21ECC5A500B822F8 /* Frameworks */ = {
			isa = PBXFrameworksBuildPhase;
			buildActionMask = 2147483647;
			files = (
				BEF926D8EDB50F3D79A65B88 /* Pods_TheMitPostTests.framework in Frameworks */,
			);
			runOnlyForDeploymentPostprocessing = 0;
		};
		D6D6A22921ECC5A500B822F8 /* Frameworks */ = {
			isa = PBXFrameworksBuildPhase;
			buildActionMask = 2147483647;
			files = (
				B1E5A1E6508EC8ED1EC79B4E /* Pods_TheMitPostUITests.framework in Frameworks */,
			);
			runOnlyForDeploymentPostprocessing = 0;
		};
/* End PBXFrameworksBuildPhase section */

/* Begin PBXGroup section */
		3D0D1E24DDED0C4828EFD7CA /* Pods */ = {
			isa = PBXGroup;
			children = (
				43538FB88670C4191BCA62D2 /* Pods-TheMitPost.debug.xcconfig */,
				B3D7AF3A89690FCA396B091D /* Pods-TheMitPost.release.xcconfig */,
				1AE8A8A683B2383FFFF9EB5C /* Pods-TheMitPostTests.debug.xcconfig */,
				C122AB422CB3AF9C1C826A80 /* Pods-TheMitPostTests.release.xcconfig */,
				4E67F2C84E1DDC8E07A1795B /* Pods-TheMitPostUITests.debug.xcconfig */,
				83409E6AA454CF1D0F4508D0 /* Pods-TheMitPostUITests.release.xcconfig */,
			);
			name = Pods;
			sourceTree = "<group>";
		};
		D60EBF2C21ED0C7000DAC538 /* Model */ = {
			isa = PBXGroup;
			children = (
				D60EBF3021ED0CDF00DAC538 /* Article.swift */,
				D61C44DA223E74DF00DF5DAA /* SLCM.swift */,
			);
			path = Model;
			sourceTree = "<group>";
		};
		D60EBF2D21ED0C7800DAC538 /* View */ = {
			isa = PBXGroup;
			children = (
				D61D3A9321EE494B006DDD6B /* ArticleCollectionViewCell.swift */,
				D69B30522203775A00E66AE3 /* ArticleHeaderView.swift */,
				D6ACFF9A2242C22B00CDFAF6 /* ArticleTableViewCell.swift */,
			);
			path = View;
			sourceTree = "<group>";
		};
		D60EBF2E21ED0C7E00DAC538 /* Controller */ = {
			isa = PBXGroup;
			children = (
				D6D6A20E21ECC5A200B822F8 /* AppDelegate.swift */,
				D6D6A21021ECC5A200B822F8 /* ArticlesViewController.swift */,
				D6F8066B2204A0420041E09F /* ArticleViewController.swift */,
				D6D6A21221ECC5A200B822F8 /* SLCMViewController.swift */,
			);
			path = Controller;
			sourceTree = "<group>";
		};
		D60EBF2F21ED0C8500DAC538 /* Auxiliary */ = {
			isa = PBXGroup;
			children = (
				D69B3056220382DC00E66AE3 /* Extensions.swift */,
			);
			path = Auxiliary;
			sourceTree = "<group>";
		};
		D6D6A20221ECC5A200B822F8 = {
			isa = PBXGroup;
			children = (
				D6D6A20D21ECC5A200B822F8 /* TheMitPost */,
				D6D6A22421ECC5A500B822F8 /* TheMitPostTests */,
				D6D6A22F21ECC5A500B822F8 /* TheMitPostUITests */,
				D6D6A20C21ECC5A200B822F8 /* Products */,
				3D0D1E24DDED0C4828EFD7CA /* Pods */,
				DBA9F26F08024820046B97FE /* Frameworks */,
			);
			sourceTree = "<group>";
		};
		D6D6A20C21ECC5A200B822F8 /* Products */ = {
			isa = PBXGroup;
			children = (
				D6D6A20B21ECC5A200B822F8 /* TheMitPost.app */,
				D6D6A22121ECC5A500B822F8 /* TheMitPostTests.xctest */,
				D6D6A22C21ECC5A500B822F8 /* TheMitPostUITests.xctest */,
			);
			name = Products;
			sourceTree = "<group>";
		};
		D6D6A20D21ECC5A200B822F8 /* TheMitPost */ = {
			isa = PBXGroup;
			children = (
				D61D3A9121EE4913006DDD6B /* Trial-Test-Scripts.swift */,
				D60EBF2C21ED0C7000DAC538 /* Model */,
				D60EBF2D21ED0C7800DAC538 /* View */,
				D60EBF2E21ED0C7E00DAC538 /* Controller */,
				D60EBF2F21ED0C8500DAC538 /* Auxiliary */,
				D6D6A21421ECC5A200B822F8 /* Main.storyboard */,
				D6D6A21721ECC5A400B822F8 /* Assets.xcassets */,
				D6D6A21921ECC5A400B822F8 /* LaunchScreen.storyboard */,
				D6D6A21C21ECC5A400B822F8 /* Info.plist */,
				D6D6A24021ECDC1800B822F8 /* GoogleService-Info.plist */,
			);
			path = TheMitPost;
			sourceTree = "<group>";
		};
		D6D6A22421ECC5A500B822F8 /* TheMitPostTests */ = {
			isa = PBXGroup;
			children = (
				D6D6A22521ECC5A500B822F8 /* TheMitPostTests.swift */,
				D6D6A22721ECC5A500B822F8 /* Info.plist */,
			);
			path = TheMitPostTests;
			sourceTree = "<group>";
		};
		D6D6A22F21ECC5A500B822F8 /* TheMitPostUITests */ = {
			isa = PBXGroup;
			children = (
				D6D6A23021ECC5A500B822F8 /* TheMitPostUITests.swift */,
				D6D6A23221ECC5A500B822F8 /* Info.plist */,
			);
			path = TheMitPostUITests;
			sourceTree = "<group>";
		};
		DBA9F26F08024820046B97FE /* Frameworks */ = {
			isa = PBXGroup;
			children = (
				5C9EA9BEB86CB805E9400C2F /* Pods_TheMitPost.framework */,
				0E5C3EB86EA193265376DEAB /* Pods_TheMitPostTests.framework */,
				70DC9436172A9B75A537E0EF /* Pods_TheMitPostUITests.framework */,
			);
			name = Frameworks;
			sourceTree = "<group>";
		};
/* End PBXGroup section */

/* Begin PBXNativeTarget section */
		D6D6A20A21ECC5A200B822F8 /* TheMitPost */ = {
			isa = PBXNativeTarget;
			buildConfigurationList = D6D6A23521ECC5A500B822F8 /* Build configuration list for PBXNativeTarget "TheMitPost" */;
			buildPhases = (
				13140C133FA03F1D657B489D /* [CP] Check Pods Manifest.lock */,
				D6D6A20721ECC5A200B822F8 /* Sources */,
				D6D6A20821ECC5A200B822F8 /* Frameworks */,
				D6D6A20921ECC5A200B822F8 /* Resources */,
				B0AC184F7AE45E0D2A5B2866 /* [CP] Embed Pods Frameworks */,
			);
			buildRules = (
			);
			dependencies = (
			);
			name = TheMitPost;
			productName = TheMitPost;
			productReference = D6D6A20B21ECC5A200B822F8 /* TheMitPost.app */;
			productType = "com.apple.product-type.application";
		};
		D6D6A22021ECC5A500B822F8 /* TheMitPostTests */ = {
			isa = PBXNativeTarget;
			buildConfigurationList = D6D6A23821ECC5A500B822F8 /* Build configuration list for PBXNativeTarget "TheMitPostTests" */;
			buildPhases = (
				5F476C092A349902765EA33B /* [CP] Check Pods Manifest.lock */,
				D6D6A21D21ECC5A500B822F8 /* Sources */,
				D6D6A21E21ECC5A500B822F8 /* Frameworks */,
				D6D6A21F21ECC5A500B822F8 /* Resources */,
			);
			buildRules = (
			);
			dependencies = (
				D6D6A22321ECC5A500B822F8 /* PBXTargetDependency */,
			);
			name = TheMitPostTests;
			productName = TheMitPostTests;
			productReference = D6D6A22121ECC5A500B822F8 /* TheMitPostTests.xctest */;
			productType = "com.apple.product-type.bundle.unit-test";
		};
		D6D6A22B21ECC5A500B822F8 /* TheMitPostUITests */ = {
			isa = PBXNativeTarget;
			buildConfigurationList = D6D6A23B21ECC5A500B822F8 /* Build configuration list for PBXNativeTarget "TheMitPostUITests" */;
			buildPhases = (
				4BBAAAB7A6C21D0FD1E2AC74 /* [CP] Check Pods Manifest.lock */,
				D6D6A22821ECC5A500B822F8 /* Sources */,
				D6D6A22921ECC5A500B822F8 /* Frameworks */,
				D6D6A22A21ECC5A500B822F8 /* Resources */,
			);
			buildRules = (
			);
			dependencies = (
				D6D6A22E21ECC5A500B822F8 /* PBXTargetDependency */,
			);
			name = TheMitPostUITests;
			productName = TheMitPostUITests;
			productReference = D6D6A22C21ECC5A500B822F8 /* TheMitPostUITests.xctest */;
			productType = "com.apple.product-type.bundle.ui-testing";
		};
/* End PBXNativeTarget section */

/* Begin PBXProject section */
		D6D6A20321ECC5A200B822F8 /* Project object */ = {
			isa = PBXProject;
			attributes = {
				LastSwiftUpdateCheck = 1010;
				LastUpgradeCheck = 1010;
				ORGANIZATIONNAME = "Harshavardhan K";
				TargetAttributes = {
					D6D6A20A21ECC5A200B822F8 = {
						CreatedOnToolsVersion = 10.1;
					};
					D6D6A22021ECC5A500B822F8 = {
						CreatedOnToolsVersion = 10.1;
						TestTargetID = D6D6A20A21ECC5A200B822F8;
					};
					D6D6A22B21ECC5A500B822F8 = {
						CreatedOnToolsVersion = 10.1;
						TestTargetID = D6D6A20A21ECC5A200B822F8;
					};
				};
			};
			buildConfigurationList = D6D6A20621ECC5A200B822F8 /* Build configuration list for PBXProject "TheMitPost" */;
			compatibilityVersion = "Xcode 9.3";
			developmentRegion = en;
			hasScannedForEncodings = 0;
			knownRegions = (
				en,
				Base,
			);
			mainGroup = D6D6A20221ECC5A200B822F8;
			productRefGroup = D6D6A20C21ECC5A200B822F8 /* Products */;
			projectDirPath = "";
			projectRoot = "";
			targets = (
				D6D6A20A21ECC5A200B822F8 /* TheMitPost */,
				D6D6A22021ECC5A500B822F8 /* TheMitPostTests */,
				D6D6A22B21ECC5A500B822F8 /* TheMitPostUITests */,
			);
		};
/* End PBXProject section */

/* Begin PBXResourcesBuildPhase section */
		D6D6A20921ECC5A200B822F8 /* Resources */ = {
			isa = PBXResourcesBuildPhase;
			buildActionMask = 2147483647;
			files = (
				D6D6A21B21ECC5A400B822F8 /* LaunchScreen.storyboard in Resources */,
				D6D6A24121ECDC2000B822F8 /* GoogleService-Info.plist in Resources */,
				D6D6A21821ECC5A400B822F8 /* Assets.xcassets in Resources */,
				D6D6A21621ECC5A200B822F8 /* Main.storyboard in Resources */,
			);
			runOnlyForDeploymentPostprocessing = 0;
		};
		D6D6A21F21ECC5A500B822F8 /* Resources */ = {
			isa = PBXResourcesBuildPhase;
			buildActionMask = 2147483647;
			files = (
			);
			runOnlyForDeploymentPostprocessing = 0;
		};
		D6D6A22A21ECC5A500B822F8 /* Resources */ = {
			isa = PBXResourcesBuildPhase;
			buildActionMask = 2147483647;
			files = (
			);
			runOnlyForDeploymentPostprocessing = 0;
		};
/* End PBXResourcesBuildPhase section */

/* Begin PBXShellScriptBuildPhase section */
		13140C133FA03F1D657B489D /* [CP] Check Pods Manifest.lock */ = {
			isa = PBXShellScriptBuildPhase;
			buildActionMask = 2147483647;
			files = (
			);
			inputPaths = (
				"${PODS_PODFILE_DIR_PATH}/Podfile.lock",
				"${PODS_ROOT}/Manifest.lock",
			);
			name = "[CP] Check Pods Manifest.lock";
			outputPaths = (
				"$(DERIVED_FILE_DIR)/Pods-TheMitPost-checkManifestLockResult.txt",
			);
			runOnlyForDeploymentPostprocessing = 0;
			shellPath = /bin/sh;
			shellScript = "diff \"${PODS_PODFILE_DIR_PATH}/Podfile.lock\" \"${PODS_ROOT}/Manifest.lock\" > /dev/null\nif [ $? != 0 ] ; then\n    # print error to STDERR\n    echo \"error: The sandbox is not in sync with the Podfile.lock. Run 'pod install' or update your CocoaPods installation.\" >&2\n    exit 1\nfi\n# This output is used by Xcode 'outputs' to avoid re-running this script phase.\necho \"SUCCESS\" > \"${SCRIPT_OUTPUT_FILE_0}\"\n";
			showEnvVarsInLog = 0;
		};
		4BBAAAB7A6C21D0FD1E2AC74 /* [CP] Check Pods Manifest.lock */ = {
			isa = PBXShellScriptBuildPhase;
			buildActionMask = 2147483647;
			files = (
			);
			inputPaths = (
				"${PODS_PODFILE_DIR_PATH}/Podfile.lock",
				"${PODS_ROOT}/Manifest.lock",
			);
			name = "[CP] Check Pods Manifest.lock";
			outputPaths = (
				"$(DERIVED_FILE_DIR)/Pods-TheMitPostUITests-checkManifestLockResult.txt",
			);
			runOnlyForDeploymentPostprocessing = 0;
			shellPath = /bin/sh;
			shellScript = "diff \"${PODS_PODFILE_DIR_PATH}/Podfile.lock\" \"${PODS_ROOT}/Manifest.lock\" > /dev/null\nif [ $? != 0 ] ; then\n    # print error to STDERR\n    echo \"error: The sandbox is not in sync with the Podfile.lock. Run 'pod install' or update your CocoaPods installation.\" >&2\n    exit 1\nfi\n# This output is used by Xcode 'outputs' to avoid re-running this script phase.\necho \"SUCCESS\" > \"${SCRIPT_OUTPUT_FILE_0}\"\n";
			showEnvVarsInLog = 0;
		};
		5F476C092A349902765EA33B /* [CP] Check Pods Manifest.lock */ = {
			isa = PBXShellScriptBuildPhase;
			buildActionMask = 2147483647;
			files = (
			);
			inputPaths = (
				"${PODS_PODFILE_DIR_PATH}/Podfile.lock",
				"${PODS_ROOT}/Manifest.lock",
			);
			name = "[CP] Check Pods Manifest.lock";
			outputPaths = (
				"$(DERIVED_FILE_DIR)/Pods-TheMitPostTests-checkManifestLockResult.txt",
			);
			runOnlyForDeploymentPostprocessing = 0;
			shellPath = /bin/sh;
			shellScript = "diff \"${PODS_PODFILE_DIR_PATH}/Podfile.lock\" \"${PODS_ROOT}/Manifest.lock\" > /dev/null\nif [ $? != 0 ] ; then\n    # print error to STDERR\n    echo \"error: The sandbox is not in sync with the Podfile.lock. Run 'pod install' or update your CocoaPods installation.\" >&2\n    exit 1\nfi\n# This output is used by Xcode 'outputs' to avoid re-running this script phase.\necho \"SUCCESS\" > \"${SCRIPT_OUTPUT_FILE_0}\"\n";
			showEnvVarsInLog = 0;
		};
		B0AC184F7AE45E0D2A5B2866 /* [CP] Embed Pods Frameworks */ = {
			isa = PBXShellScriptBuildPhase;
			buildActionMask = 2147483647;
			files = (
			);
			inputPaths = (
				"${SRCROOT}/Pods/Target Support Files/Pods-TheMitPost/Pods-TheMitPost-frameworks.sh",
				"${BUILT_PRODUCTS_DIR}/Alamofire/Alamofire.framework",
				"${BUILT_PRODUCTS_DIR}/FoldingCell/FoldingCell.framework",
				"${BUILT_PRODUCTS_DIR}/GTMSessionFetcher/GTMSessionFetcher.framework",
				"${BUILT_PRODUCTS_DIR}/GoogleToolboxForMac/GoogleToolboxForMac.framework",
				"${BUILT_PRODUCTS_DIR}/MDFInternationalization/MDFInternationalization.framework",
				"${BUILT_PRODUCTS_DIR}/MDFTextAccessibility/MDFTextAccessibility.framework",
				"${BUILT_PRODUCTS_DIR}/MaterialComponents/MaterialComponents.framework",
				"${BUILT_PRODUCTS_DIR}/MotionAnimator/MotionAnimator.framework",
				"${BUILT_PRODUCTS_DIR}/MotionInterchange/MotionInterchange.framework",
				"${BUILT_PRODUCTS_DIR}/MotionTransitioning/MotionTransitioning.framework",
				"${BUILT_PRODUCTS_DIR}/Protobuf/Protobuf.framework",
				"${BUILT_PRODUCTS_DIR}/SDWebImage/SDWebImage.framework",
				"${BUILT_PRODUCTS_DIR}/SwiftyJSON/SwiftyJSON.framework",
				"${BUILT_PRODUCTS_DIR}/leveldb-library/leveldb.framework",
				"${BUILT_PRODUCTS_DIR}/nanopb/nanopb.framework",
			);
			name = "[CP] Embed Pods Frameworks";
			outputPaths = (
				"${TARGET_BUILD_DIR}/${FRAMEWORKS_FOLDER_PATH}/Alamofire.framework",
				"${TARGET_BUILD_DIR}/${FRAMEWORKS_FOLDER_PATH}/FoldingCell.framework",
				"${TARGET_BUILD_DIR}/${FRAMEWORKS_FOLDER_PATH}/GTMSessionFetcher.framework",
				"${TARGET_BUILD_DIR}/${FRAMEWORKS_FOLDER_PATH}/GoogleToolboxForMac.framework",
				"${TARGET_BUILD_DIR}/${FRAMEWORKS_FOLDER_PATH}/MDFInternationalization.framework",
				"${TARGET_BUILD_DIR}/${FRAMEWORKS_FOLDER_PATH}/MDFTextAccessibility.framework",
				"${TARGET_BUILD_DIR}/${FRAMEWORKS_FOLDER_PATH}/MaterialComponents.framework",
				"${TARGET_BUILD_DIR}/${FRAMEWORKS_FOLDER_PATH}/MotionAnimator.framework",
				"${TARGET_BUILD_DIR}/${FRAMEWORKS_FOLDER_PATH}/MotionInterchange.framework",
				"${TARGET_BUILD_DIR}/${FRAMEWORKS_FOLDER_PATH}/MotionTransitioning.framework",
				"${TARGET_BUILD_DIR}/${FRAMEWORKS_FOLDER_PATH}/Protobuf.framework",
				"${TARGET_BUILD_DIR}/${FRAMEWORKS_FOLDER_PATH}/SDWebImage.framework",
				"${TARGET_BUILD_DIR}/${FRAMEWORKS_FOLDER_PATH}/SwiftyJSON.framework",
				"${TARGET_BUILD_DIR}/${FRAMEWORKS_FOLDER_PATH}/leveldb.framework",
				"${TARGET_BUILD_DIR}/${FRAMEWORKS_FOLDER_PATH}/nanopb.framework",
			);
			runOnlyForDeploymentPostprocessing = 0;
			shellPath = /bin/sh;
			shellScript = "\"${SRCROOT}/Pods/Target Support Files/Pods-TheMitPost/Pods-TheMitPost-frameworks.sh\"\n";
			showEnvVarsInLog = 0;
		};
/* End PBXShellScriptBuildPhase section */

/* Begin PBXSourcesBuildPhase section */
		D6D6A20721ECC5A200B822F8 /* Sources */ = {
			isa = PBXSourcesBuildPhase;
			buildActionMask = 2147483647;
			files = (
				D60EBF3121ED0CDF00DAC538 /* Article.swift in Sources */,
				D61D3A9221EE4913006DDD6B /* Trial-Test-Scripts.swift in Sources */,
				D6D6A21321ECC5A200B822F8 /* SLCMViewController.swift in Sources */,
				D69B3057220382DC00E66AE3 /* Extensions.swift in Sources */,
				D61C44DB223E74DF00DF5DAA /* SLCM.swift in Sources */,
				D6ACFF9B2242C22B00CDFAF6 /* ArticleTableViewCell.swift in Sources */,
				D6F8066C2204A0420041E09F /* ArticleViewController.swift in Sources */,
				D69B30532203775A00E66AE3 /* ArticleHeaderView.swift in Sources */,
				D61D3A9521EE494B006DDD6B /* ArticleCollectionViewCell.swift in Sources */,
				D6D6A20F21ECC5A200B822F8 /* AppDelegate.swift in Sources */,
				D6D6A21121ECC5A200B822F8 /* ArticlesViewController.swift in Sources */,
			);
			runOnlyForDeploymentPostprocessing = 0;
		};
		D6D6A21D21ECC5A500B822F8 /* Sources */ = {
			isa = PBXSourcesBuildPhase;
			buildActionMask = 2147483647;
			files = (
				D69B3058220382DC00E66AE3 /* Extensions.swift in Sources */,
				D6F8066D2204A0420041E09F /* ArticleViewController.swift in Sources */,
				D61D3A9621EE494B006DDD6B /* ArticleCollectionViewCell.swift in Sources */,
				D60EBF3221ED0CDF00DAC538 /* Article.swift in Sources */,
				D6ACFF9C2242C22B00CDFAF6 /* ArticleTableViewCell.swift in Sources */,
				D61C44DC223E74DF00DF5DAA /* SLCM.swift in Sources */,
				D69B30542203775A00E66AE3 /* ArticleHeaderView.swift in Sources */,
				D6D6A22621ECC5A500B822F8 /* TheMitPostTests.swift in Sources */,
			);
			runOnlyForDeploymentPostprocessing = 0;
		};
		D6D6A22821ECC5A500B822F8 /* Sources */ = {
			isa = PBXSourcesBuildPhase;
			buildActionMask = 2147483647;
			files = (
				D6D6A23121ECC5A500B822F8 /* TheMitPostUITests.swift in Sources */,
				D61D3A9721EE494B006DDD6B /* ArticleCollectionViewCell.swift in Sources */,
				D61C44DD223E74DF00DF5DAA /* SLCM.swift in Sources */,
				D6F8066E2204A0420041E09F /* ArticleViewController.swift in Sources */,
				D69B30552203775A00E66AE3 /* ArticleHeaderView.swift in Sources */,
				D6ACFF9D2242C22C00CDFAF6 /* ArticleTableViewCell.swift in Sources */,
				D69B3059220382DC00E66AE3 /* Extensions.swift in Sources */,
			);
			runOnlyForDeploymentPostprocessing = 0;
		};
/* End PBXSourcesBuildPhase section */

/* Begin PBXTargetDependency section */
		D6D6A22321ECC5A500B822F8 /* PBXTargetDependency */ = {
			isa = PBXTargetDependency;
			target = D6D6A20A21ECC5A200B822F8 /* TheMitPost */;
			targetProxy = D6D6A22221ECC5A500B822F8 /* PBXContainerItemProxy */;
		};
		D6D6A22E21ECC5A500B822F8 /* PBXTargetDependency */ = {
			isa = PBXTargetDependency;
			target = D6D6A20A21ECC5A200B822F8 /* TheMitPost */;
			targetProxy = D6D6A22D21ECC5A500B822F8 /* PBXContainerItemProxy */;
		};
/* End PBXTargetDependency section */

/* Begin PBXVariantGroup section */
		D6D6A21421ECC5A200B822F8 /* Main.storyboard */ = {
			isa = PBXVariantGroup;
			children = (
				D6D6A21521ECC5A200B822F8 /* Base */,
			);
			name = Main.storyboard;
			sourceTree = "<group>";
		};
		D6D6A21921ECC5A400B822F8 /* LaunchScreen.storyboard */ = {
			isa = PBXVariantGroup;
			children = (
				D6D6A21A21ECC5A400B822F8 /* Base */,
			);
			name = LaunchScreen.storyboard;
			sourceTree = "<group>";
		};
/* End PBXVariantGroup section */

/* Begin XCBuildConfiguration section */
		D6D6A23321ECC5A500B822F8 /* Debug */ = {
			isa = XCBuildConfiguration;
			buildSettings = {
				ALWAYS_SEARCH_USER_PATHS = NO;
				CLANG_ANALYZER_NONNULL = YES;
				CLANG_ANALYZER_NUMBER_OBJECT_CONVERSION = YES_AGGRESSIVE;
				CLANG_CXX_LANGUAGE_STANDARD = "gnu++14";
				CLANG_CXX_LIBRARY = "libc++";
				CLANG_ENABLE_MODULES = YES;
				CLANG_ENABLE_OBJC_ARC = YES;
				CLANG_ENABLE_OBJC_WEAK = YES;
				CLANG_WARN_BLOCK_CAPTURE_AUTORELEASING = YES;
				CLANG_WARN_BOOL_CONVERSION = YES;
				CLANG_WARN_COMMA = YES;
				CLANG_WARN_CONSTANT_CONVERSION = YES;
				CLANG_WARN_DEPRECATED_OBJC_IMPLEMENTATIONS = YES;
				CLANG_WARN_DIRECT_OBJC_ISA_USAGE = YES_ERROR;
				CLANG_WARN_DOCUMENTATION_COMMENTS = YES;
				CLANG_WARN_EMPTY_BODY = YES;
				CLANG_WARN_ENUM_CONVERSION = YES;
				CLANG_WARN_INFINITE_RECURSION = YES;
				CLANG_WARN_INT_CONVERSION = YES;
				CLANG_WARN_NON_LITERAL_NULL_CONVERSION = YES;
				CLANG_WARN_OBJC_IMPLICIT_RETAIN_SELF = YES;
				CLANG_WARN_OBJC_LITERAL_CONVERSION = YES;
				CLANG_WARN_OBJC_ROOT_CLASS = YES_ERROR;
				CLANG_WARN_RANGE_LOOP_ANALYSIS = YES;
				CLANG_WARN_STRICT_PROTOTYPES = YES;
				CLANG_WARN_SUSPICIOUS_MOVE = YES;
				CLANG_WARN_UNGUARDED_AVAILABILITY = YES_AGGRESSIVE;
				CLANG_WARN_UNREACHABLE_CODE = YES;
				CLANG_WARN__DUPLICATE_METHOD_MATCH = YES;
				CODE_SIGN_IDENTITY = "iPhone Developer";
				COPY_PHASE_STRIP = NO;
				DEBUG_INFORMATION_FORMAT = dwarf;
				ENABLE_STRICT_OBJC_MSGSEND = YES;
				ENABLE_TESTABILITY = YES;
				GCC_C_LANGUAGE_STANDARD = gnu11;
				GCC_DYNAMIC_NO_PIC = NO;
				GCC_NO_COMMON_BLOCKS = YES;
				GCC_OPTIMIZATION_LEVEL = 0;
				GCC_PREPROCESSOR_DEFINITIONS = (
					"DEBUG=1",
					"$(inherited)",
				);
				GCC_WARN_64_TO_32_BIT_CONVERSION = YES;
				GCC_WARN_ABOUT_RETURN_TYPE = YES_ERROR;
				GCC_WARN_UNDECLARED_SELECTOR = YES;
				GCC_WARN_UNINITIALIZED_AUTOS = YES_AGGRESSIVE;
				GCC_WARN_UNUSED_FUNCTION = YES;
				GCC_WARN_UNUSED_VARIABLE = YES;
				IPHONEOS_DEPLOYMENT_TARGET = 12.1;
				MTL_ENABLE_DEBUG_INFO = INCLUDE_SOURCE;
				MTL_FAST_MATH = YES;
				ONLY_ACTIVE_ARCH = YES;
				SDKROOT = iphoneos;
				SWIFT_ACTIVE_COMPILATION_CONDITIONS = DEBUG;
				SWIFT_OPTIMIZATION_LEVEL = "-Onone";
			};
			name = Debug;
		};
		D6D6A23421ECC5A500B822F8 /* Release */ = {
			isa = XCBuildConfiguration;
			buildSettings = {
				ALWAYS_SEARCH_USER_PATHS = NO;
				CLANG_ANALYZER_NONNULL = YES;
				CLANG_ANALYZER_NUMBER_OBJECT_CONVERSION = YES_AGGRESSIVE;
				CLANG_CXX_LANGUAGE_STANDARD = "gnu++14";
				CLANG_CXX_LIBRARY = "libc++";
				CLANG_ENABLE_MODULES = YES;
				CLANG_ENABLE_OBJC_ARC = YES;
				CLANG_ENABLE_OBJC_WEAK = YES;
				CLANG_WARN_BLOCK_CAPTURE_AUTORELEASING = YES;
				CLANG_WARN_BOOL_CONVERSION = YES;
				CLANG_WARN_COMMA = YES;
				CLANG_WARN_CONSTANT_CONVERSION = YES;
				CLANG_WARN_DEPRECATED_OBJC_IMPLEMENTATIONS = YES;
				CLANG_WARN_DIRECT_OBJC_ISA_USAGE = YES_ERROR;
				CLANG_WARN_DOCUMENTATION_COMMENTS = YES;
				CLANG_WARN_EMPTY_BODY = YES;
				CLANG_WARN_ENUM_CONVERSION = YES;
				CLANG_WARN_INFINITE_RECURSION = YES;
				CLANG_WARN_INT_CONVERSION = YES;
				CLANG_WARN_NON_LITERAL_NULL_CONVERSION = YES;
				CLANG_WARN_OBJC_IMPLICIT_RETAIN_SELF = YES;
				CLANG_WARN_OBJC_LITERAL_CONVERSION = YES;
				CLANG_WARN_OBJC_ROOT_CLASS = YES_ERROR;
				CLANG_WARN_RANGE_LOOP_ANALYSIS = YES;
				CLANG_WARN_STRICT_PROTOTYPES = YES;
				CLANG_WARN_SUSPICIOUS_MOVE = YES;
				CLANG_WARN_UNGUARDED_AVAILABILITY = YES_AGGRESSIVE;
				CLANG_WARN_UNREACHABLE_CODE = YES;
				CLANG_WARN__DUPLICATE_METHOD_MATCH = YES;
				CODE_SIGN_IDENTITY = "iPhone Developer";
				COPY_PHASE_STRIP = NO;
				DEBUG_INFORMATION_FORMAT = "dwarf-with-dsym";
				ENABLE_NS_ASSERTIONS = NO;
				ENABLE_STRICT_OBJC_MSGSEND = YES;
				GCC_C_LANGUAGE_STANDARD = gnu11;
				GCC_NO_COMMON_BLOCKS = YES;
				GCC_WARN_64_TO_32_BIT_CONVERSION = YES;
				GCC_WARN_ABOUT_RETURN_TYPE = YES_ERROR;
				GCC_WARN_UNDECLARED_SELECTOR = YES;
				GCC_WARN_UNINITIALIZED_AUTOS = YES_AGGRESSIVE;
				GCC_WARN_UNUSED_FUNCTION = YES;
				GCC_WARN_UNUSED_VARIABLE = YES;
				IPHONEOS_DEPLOYMENT_TARGET = 12.1;
				MTL_ENABLE_DEBUG_INFO = NO;
				MTL_FAST_MATH = YES;
				SDKROOT = iphoneos;
				SWIFT_COMPILATION_MODE = wholemodule;
				SWIFT_OPTIMIZATION_LEVEL = "-O";
				VALIDATE_PRODUCT = YES;
			};
			name = Release;
		};
		D6D6A23621ECC5A500B822F8 /* Debug */ = {
			isa = XCBuildConfiguration;
			baseConfigurationReference = 43538FB88670C4191BCA62D2 /* Pods-TheMitPost.debug.xcconfig */;
			buildSettings = {
				ASSETCATALOG_COMPILER_APPICON_NAME = AppIcon;
				CODE_SIGN_STYLE = Automatic;
				DEVELOPMENT_TEAM = 9Z34Y633MA;
				INFOPLIST_FILE = TheMitPost/Info.plist;
				IPHONEOS_DEPLOYMENT_TARGET = 12.1;
				LD_RUNPATH_SEARCH_PATHS = (
					"$(inherited)",
					"@executable_path/Frameworks",
				);
				PRODUCT_BUNDLE_IDENTIFIER = com.Tsarshah.apps.TheMitPost;
				PRODUCT_NAME = "$(TARGET_NAME)";
				SWIFT_VERSION = 4.2;
				TARGETED_DEVICE_FAMILY = "1,2";
			};
			name = Debug;
		};
		D6D6A23721ECC5A500B822F8 /* Release */ = {
			isa = XCBuildConfiguration;
			baseConfigurationReference = B3D7AF3A89690FCA396B091D /* Pods-TheMitPost.release.xcconfig */;
			buildSettings = {
				ASSETCATALOG_COMPILER_APPICON_NAME = AppIcon;
				CODE_SIGN_STYLE = Automatic;
				DEVELOPMENT_TEAM = 9Z34Y633MA;
				INFOPLIST_FILE = TheMitPost/Info.plist;
				IPHONEOS_DEPLOYMENT_TARGET = 12.1;
				LD_RUNPATH_SEARCH_PATHS = (
					"$(inherited)",
					"@executable_path/Frameworks",
				);
				PRODUCT_BUNDLE_IDENTIFIER = com.Tsarshah.apps.TheMitPost;
				PRODUCT_NAME = "$(TARGET_NAME)";
				SWIFT_VERSION = 4.2;
				TARGETED_DEVICE_FAMILY = "1,2";
			};
			name = Release;
		};
		D6D6A23921ECC5A500B822F8 /* Debug */ = {
			isa = XCBuildConfiguration;
			baseConfigurationReference = 1AE8A8A683B2383FFFF9EB5C /* Pods-TheMitPostTests.debug.xcconfig */;
			buildSettings = {
				ALWAYS_EMBED_SWIFT_STANDARD_LIBRARIES = YES;
				BUNDLE_LOADER = "$(TEST_HOST)";
				CODE_SIGN_STYLE = Automatic;
				DEVELOPMENT_TEAM = 9Z34Y633MA;
				INFOPLIST_FILE = TheMitPostTests/Info.plist;
				LD_RUNPATH_SEARCH_PATHS = (
					"$(inherited)",
					"@executable_path/Frameworks",
					"@loader_path/Frameworks",
				);
				PRODUCT_BUNDLE_IDENTIFIER = com.Tsarsha.apps.TheMitPostTests;
				PRODUCT_NAME = "$(TARGET_NAME)";
				SWIFT_VERSION = 4.2;
				TARGETED_DEVICE_FAMILY = "1,2";
				TEST_HOST = "$(BUILT_PRODUCTS_DIR)/TheMitPost.app/TheMitPost";
			};
			name = Debug;
		};
		D6D6A23A21ECC5A500B822F8 /* Release */ = {
			isa = XCBuildConfiguration;
			baseConfigurationReference = C122AB422CB3AF9C1C826A80 /* Pods-TheMitPostTests.release.xcconfig */;
			buildSettings = {
				ALWAYS_EMBED_SWIFT_STANDARD_LIBRARIES = YES;
				BUNDLE_LOADER = "$(TEST_HOST)";
				CODE_SIGN_STYLE = Automatic;
				DEVELOPMENT_TEAM = 9Z34Y633MA;
				INFOPLIST_FILE = TheMitPostTests/Info.plist;
				LD_RUNPATH_SEARCH_PATHS = (
					"$(inherited)",
					"@executable_path/Frameworks",
					"@loader_path/Frameworks",
				);
				PRODUCT_BUNDLE_IDENTIFIER = com.Tsarsha.apps.TheMitPostTests;
				PRODUCT_NAME = "$(TARGET_NAME)";
				SWIFT_VERSION = 4.2;
				TARGETED_DEVICE_FAMILY = "1,2";
				TEST_HOST = "$(BUILT_PRODUCTS_DIR)/TheMitPost.app/TheMitPost";
			};
			name = Release;
		};
		D6D6A23C21ECC5A500B822F8 /* Debug */ = {
			isa = XCBuildConfiguration;
			baseConfigurationReference = 4E67F2C84E1DDC8E07A1795B /* Pods-TheMitPostUITests.debug.xcconfig */;
			buildSettings = {
				ALWAYS_EMBED_SWIFT_STANDARD_LIBRARIES = YES;
				CODE_SIGN_STYLE = Automatic;
				DEVELOPMENT_TEAM = 9Z34Y633MA;
				INFOPLIST_FILE = TheMitPostUITests/Info.plist;
				LD_RUNPATH_SEARCH_PATHS = (
					"$(inherited)",
					"@executable_path/Frameworks",
					"@loader_path/Frameworks",
				);
				PRODUCT_BUNDLE_IDENTIFIER = com.Tsarsha.apps.TheMitPostUITests;
				PRODUCT_NAME = "$(TARGET_NAME)";
				SWIFT_VERSION = 4.2;
				TARGETED_DEVICE_FAMILY = "1,2";
				TEST_TARGET_NAME = TheMitPost;
			};
			name = Debug;
		};
		D6D6A23D21ECC5A500B822F8 /* Release */ = {
			isa = XCBuildConfiguration;
			baseConfigurationReference = 83409E6AA454CF1D0F4508D0 /* Pods-TheMitPostUITests.release.xcconfig */;
			buildSettings = {
				ALWAYS_EMBED_SWIFT_STANDARD_LIBRARIES = YES;
				CODE_SIGN_STYLE = Automatic;
				DEVELOPMENT_TEAM = 9Z34Y633MA;
				INFOPLIST_FILE = TheMitPostUITests/Info.plist;
				LD_RUNPATH_SEARCH_PATHS = (
					"$(inherited)",
					"@executable_path/Frameworks",
					"@loader_path/Frameworks",
				);
				PRODUCT_BUNDLE_IDENTIFIER = com.Tsarsha.apps.TheMitPostUITests;
				PRODUCT_NAME = "$(TARGET_NAME)";
				SWIFT_VERSION = 4.2;
				TARGETED_DEVICE_FAMILY = "1,2";
				TEST_TARGET_NAME = TheMitPost;
			};
			name = Release;
		};
/* End XCBuildConfiguration section */

/* Begin XCConfigurationList section */
		D6D6A20621ECC5A200B822F8 /* Build configuration list for PBXProject "TheMitPost" */ = {
			isa = XCConfigurationList;
			buildConfigurations = (
				D6D6A23321ECC5A500B822F8 /* Debug */,
				D6D6A23421ECC5A500B822F8 /* Release */,
			);
			defaultConfigurationIsVisible = 0;
			defaultConfigurationName = Release;
		};
		D6D6A23521ECC5A500B822F8 /* Build configuration list for PBXNativeTarget "TheMitPost" */ = {
			isa = XCConfigurationList;
			buildConfigurations = (
				D6D6A23621ECC5A500B822F8 /* Debug */,
				D6D6A23721ECC5A500B822F8 /* Release */,
			);
			defaultConfigurationIsVisible = 0;
			defaultConfigurationName = Release;
		};
		D6D6A23821ECC5A500B822F8 /* Build configuration list for PBXNativeTarget "TheMitPostTests" */ = {
			isa = XCConfigurationList;
			buildConfigurations = (
				D6D6A23921ECC5A500B822F8 /* Debug */,
				D6D6A23A21ECC5A500B822F8 /* Release */,
			);
			defaultConfigurationIsVisible = 0;
			defaultConfigurationName = Release;
		};
		D6D6A23B21ECC5A500B822F8 /* Build configuration list for PBXNativeTarget "TheMitPostUITests" */ = {
			isa = XCConfigurationList;
			buildConfigurations = (
				D6D6A23C21ECC5A500B822F8 /* Debug */,
				D6D6A23D21ECC5A500B822F8 /* Release */,
			);
			defaultConfigurationIsVisible = 0;
			defaultConfigurationName = Release;
		};
/* End XCConfigurationList section */
	};
	rootObject = D6D6A20321ECC5A200B822F8 /* Project object */;
}
